{
  "originHash" : "7d747a138ea225de00b815c2d9ed46c704c081d98cc8d1018c8d11cb91f39bc4",
  "pins" : [
    {
      "identity" : "cocoamqtt",
      "kind" : "remoteSourceControl",
      "location" : "https://github.com/emqx/CocoaMQTT",
      "state" : {
        "revision" : "22b98acc75bdca77917a1093bd3e1b45ef6e9718",
        "version" : "2.1.9"
      }
    },
    {
      "identity" : "dd-sdk-ios",
      "kind" : "remoteSourceControl",
      "location" : "https://github.com/DataDog/dd-sdk-ios.git",
      "state" : {
        "revision" : "2cddcb47c021365c5a6ebc377cb379aa979c450e",
        "version" : "3.4.0"
      }
    },
    {
      "identity" : "mqttcocoaasyncsocket",
      "kind" : "remoteSourceControl",
      "location" : "https://github.com/leeway1208/MqttCocoaAsyncSocket",
      "state" : {
        "revision" : "ce3e18607fd01079495f86ff6195d8a3ca469f73",
        "version" : "1.0.8"
      }
    },
    {
      "identity" : "opentelemetry-swift-packages",
      "kind" : "remoteSourceControl",
      "location" : "https://github.com/DataDog/opentelemetry-swift-packages.git",
      "state" : {
        "revision" : "4a7295600d4ebb9525a23c11586c5fdb74ae8b7e",
        "version" : "1.13.1"
      }
    },
    {
      "identity" : "plcrashreporter",
      "kind" : "remoteSourceControl",
      "location" : "https://github.com/microsoft/plcrashreporter.git",
      "state" : {
        "revision" : "8c61e5e38e9f737dd68512ed1ea5ab081244ad65",
        "version" : "1.12.0"
      }
    },
    {
      "identity" : "starscream",
      "kind" : "remoteSourceControl",
      "location" : "https://github.com/daltoniam/Starscream.git",
      "state" : {
        "revision" : "c6bfd1af48efcc9a9ad203665db12375ba6b145a",
        "version" : "4.0.8"
      }
    },
    {
      "identity" : "swift-protobuf",
      "kind" : "remoteSourceControl",
      "location" : "https://github.com/apple/swift-protobuf.git",
      "state" : {
        "revision" : "c169a5744230951031770e27e475ff6eefe51f9d",
        "version" : "1.33.3"
      }
    }
  ],
  "version" : 3
}
