// !$*UTF8*$!
{
	archiveVersion = 1;
	classes = {
	};
	objectVersion = 55;
	objects = {

/* Begin PBXBuildFile section */
		C9483F6D2773017500998F6B /* MapView.swift in Sources */ = {isa = PBXBuildFile; fileRef = C9483F6C2773017500998F6B /* MapView.swift */; };
		C9A7BC1027759A9600760B50 /* PositionAnnotationView.swift in Sources */ = {isa = PBXBuildFile; fileRef = C9A7BC0F27759A9600760B50 /* PositionAnnotationView.swift */; };
		DD17E5DD277D49D400010EC2 /* apponly.pb.swift in Sources */ = {isa = PBXBuildFile; fileRef = DD17E5DB277D49D400010EC2 /* apponly.pb.swift */; };
		DD17E5DE277D49D400010EC2 /* storeforward.pb.swift in Sources */ = {isa = PBXBuildFile; fileRef = DD17E5DC277D49D400010EC2 /* storeforward.pb.swift */; };
		DD1BF2F92776FE2E008C8D2F /* UserMessageList.swift in Sources */ = {isa = PBXBuildFile; fileRef = DD1BF2F82776FE2E008C8D2F /* UserMessageList.swift */; };
		DD23A50F26FD1B4400D9B90C /* PeripheralModel.swift in Sources */ = {isa = PBXBuildFile; fileRef = DD23A50E26FD1B4400D9B90C /* PeripheralModel.swift */; };
		DD2E65262767A01F00E45FC5 /* NodeDetail.swift in Sources */ = {isa = PBXBuildFile; fileRef = DD2E65252767A01F00E45FC5 /* NodeDetail.swift */; };
		DD47E3CE26F103C600029299 /* NodeList.swift in Sources */ = {isa = PBXBuildFile; fileRef = DD47E3CD26F103C600029299 /* NodeList.swift */; };
		DD47E3D626F17ED900029299 /* CircleText.swift in Sources */ = {isa = PBXBuildFile; fileRef = DD47E3D526F17ED900029299 /* CircleText.swift */; };
		DD47E3D926F3093800029299 /* MessageBubble.swift in Sources */ = {isa = PBXBuildFile; fileRef = DD47E3D826F3093800029299 /* MessageBubble.swift */; };
		DD47E3DB26F3901B00029299 /* Channels.swift in Sources */ = {isa = PBXBuildFile; fileRef = DD47E3DA26F3901A00029299 /* Channels.swift */; };
		DD47E3DD26F390A000029299 /* Messages.swift in Sources */ = {isa = PBXBuildFile; fileRef = DD47E3DC26F390A000029299 /* Messages.swift */; };
		DD4A911E2708C65400501B7E /* AppSettings.swift in Sources */ = {isa = PBXBuildFile; fileRef = DD4A911D2708C65400501B7E /* AppSettings.swift */; };
		DD5394FC276993AD00AD86B1 /* SwiftProtobuf in Frameworks */ = {isa = PBXBuildFile; productRef = DD5394FB276993AD00AD86B1 /* SwiftProtobuf */; };
		DD5394FE276BA0EF00AD86B1 /* PositionEntityExtension.swift in Sources */ = {isa = PBXBuildFile; fileRef = DD5394FD276BA0EF00AD86B1 /* PositionEntityExtension.swift */; };
		DD539502276DAA6A00AD86B1 /* MapLocation.swift in Sources */ = {isa = PBXBuildFile; fileRef = DD539501276DAA6A00AD86B1 /* MapLocation.swift */; };
		DD70A468279C554A003120E4 /* cannedmessages.pb.swift in Sources */ = {isa = PBXBuildFile; fileRef = DD70A467279C554A003120E4 /* cannedmessages.pb.swift */; };
		DD8169F9271F1A6100F4AB02 /* MeshLogger.swift in Sources */ = {isa = PBXBuildFile; fileRef = DD8169F8271F1A6100F4AB02 /* MeshLogger.swift */; };
		DD8169FB271F1F3A00F4AB02 /* MeshLog.swift in Sources */ = {isa = PBXBuildFile; fileRef = DD8169FA271F1F3A00F4AB02 /* MeshLog.swift */; };
		DD8169FF272476C700F4AB02 /* LogDocument.swift in Sources */ = {isa = PBXBuildFile; fileRef = DD8169FE272476C700F4AB02 /* LogDocument.swift */; };
		DD836AE726F6B38600ABCC23 /* Connect.swift in Sources */ = {isa = PBXBuildFile; fileRef = DD836AE626F6B38600ABCC23 /* Connect.swift */; };
		DD882F5D2772E4640005BF05 /* Contacts.swift in Sources */ = {isa = PBXBuildFile; fileRef = DD882F5C2772E4640005BF05 /* Contacts.swift */; };
		DD90860C26F684AF00DC5189 /* BatteryIcon.swift in Sources */ = {isa = PBXBuildFile; fileRef = DD90860B26F684AF00DC5189 /* BatteryIcon.swift */; };
		DD90860E26F69BAE00DC5189 /* NodeMap.swift in Sources */ = {isa = PBXBuildFile; fileRef = DD90860D26F69BAE00DC5189 /* NodeMap.swift */; };
		DD913639270DFF4C00D7ACF3 /* LocalNotificationManager.swift in Sources */ = {isa = PBXBuildFile; fileRef = DD913638270DFF4C00D7ACF3 /* LocalNotificationManager.swift */; };
		DD9D8F2F2764403B00080993 /* Meshtastic.xcdatamodeld in Sources */ = {isa = PBXBuildFile; fileRef = DD9D8F2D2764403B00080993 /* Meshtastic.xcdatamodeld */; };
		DDAF8C5326EB1DF10058C060 /* BLEManager.swift in Sources */ = {isa = PBXBuildFile; fileRef = DDAF8C5226EB1DF10058C060 /* BLEManager.swift */; };
		DDAF8C5826ED07FD0058C060 /* mesh.pb.swift in Sources */ = {isa = PBXBuildFile; fileRef = DDAF8C5726ED07FD0058C060 /* mesh.pb.swift */; };
		DDAF8C5D26ED09490058C060 /* portnums.pb.swift in Sources */ = {isa = PBXBuildFile; fileRef = DDAF8C5C26ED09490058C060 /* portnums.pb.swift */; };
		DDAF8C5F26ED09B50058C060 /* radioconfig.pb.swift in Sources */ = {isa = PBXBuildFile; fileRef = DDAF8C5E26ED09B50058C060 /* radioconfig.pb.swift */; };
		DDAF8C6226ED0A230058C060 /* mqtt.pb.swift in Sources */ = {isa = PBXBuildFile; fileRef = DDAF8C6026ED0A230058C060 /* mqtt.pb.swift */; };
		DDAF8C6326ED0A230058C060 /* admin.pb.swift in Sources */ = {isa = PBXBuildFile; fileRef = DDAF8C6126ED0A230058C060 /* admin.pb.swift */; };
		DDAF8C6526ED0A490058C060 /* channel.pb.swift in Sources */ = {isa = PBXBuildFile; fileRef = DDAF8C6426ED0A490058C060 /* channel.pb.swift */; };
		DDAF8C6726ED0C8C0058C060 /* remote_hardware.pb.swift in Sources */ = {isa = PBXBuildFile; fileRef = DDAF8C6626ED0C8C0058C060 /* remote_hardware.pb.swift */; };
		DDAF8C6926ED0D070058C060 /* deviceonly.pb.swift in Sources */ = {isa = PBXBuildFile; fileRef = DDAF8C6826ED0D070058C060 /* deviceonly.pb.swift */; };
		DDAF8C6B26ED0DD80058C060 /* environmental_measurement.pb.swift in Sources */ = {isa = PBXBuildFile; fileRef = DDAF8C6A26ED0DD80058C060 /* environmental_measurement.pb.swift */; };
		DDAF8C6E26ED19040058C060 /* Extensions.swift in Sources */ = {isa = PBXBuildFile; fileRef = DDAF8C6D26ED19040058C060 /* Extensions.swift */; };
		DDC2E15826CE248E0042C5E4 /* MeshtasticClientApp.swift in Sources */ = {isa = PBXBuildFile; fileRef = DDC2E15726CE248E0042C5E4 /* MeshtasticClientApp.swift */; };
		DDC2E15C26CE248F0042C5E4 /* Assets.xcassets in Resources */ = {isa = PBXBuildFile; fileRef = DDC2E15B26CE248F0042C5E4 /* Assets.xcassets */; };
		DDC2E15F26CE248F0042C5E4 /* Preview Assets.xcassets in Resources */ = {isa = PBXBuildFile; fileRef = DDC2E15E26CE248F0042C5E4 /* Preview Assets.xcassets */; };
		DDC2E16F26CE248F0042C5E4 /* MeshtasticClientTests.swift in Sources */ = {isa = PBXBuildFile; fileRef = DDC2E16E26CE248F0042C5E4 /* MeshtasticClientTests.swift */; };
		DDC2E17A26CE248F0042C5E4 /* MeshtasticClientUITests.swift in Sources */ = {isa = PBXBuildFile; fileRef = DDC2E17926CE248F0042C5E4 /* MeshtasticClientUITests.swift */; };
		DDC2E18F26CE25FE0042C5E4 /* ContentView.swift in Sources */ = {isa = PBXBuildFile; fileRef = DDC2E18E26CE25FE0042C5E4 /* ContentView.swift */; };
		DDC2E1A726CEB3400042C5E4 /* LocationHelper.swift in Sources */ = {isa = PBXBuildFile; fileRef = DDC2E1A626CEB3400042C5E4 /* LocationHelper.swift */; };
		DDC4D568275499A500A4208E /* Persistence.swift in Sources */ = {isa = PBXBuildFile; fileRef = DDC4D567275499A500A4208E /* Persistence.swift */; };
		DDF924CA26FBB953009FE055 /* ConnectedDevice.swift in Sources */ = {isa = PBXBuildFile; fileRef = DDF924C926FBB953009FE055 /* ConnectedDevice.swift */; };
/* End PBXBuildFile section */

/* Begin PBXContainerItemProxy section */
		DDC2E16B26CE248F0042C5E4 /* PBXContainerItemProxy */ = {
			isa = PBXContainerItemProxy;
			containerPortal = DDC2E14C26CE248E0042C5E4 /* Project object */;
			proxyType = 1;
			remoteGlobalIDString = DDC2E15326CE248E0042C5E4;
			remoteInfo = MeshtasticClient;
		};
		DDC2E17626CE248F0042C5E4 /* PBXContainerItemProxy */ = {
			isa = PBXContainerItemProxy;
			containerPortal = DDC2E14C26CE248E0042C5E4 /* Project object */;
			proxyType = 1;
			remoteGlobalIDString = DDC2E15326CE248E0042C5E4;
			remoteInfo = MeshtasticClient;
		};
/* End PBXContainerItemProxy section */

/* Begin PBXFileReference section */
		C9483F6C2773017500998F6B /* MapView.swift */ = {isa = PBXFileReference; lastKnownFileType = sourcecode.swift; path = MapView.swift; sourceTree = "<group>"; };
		C9A7BC0F27759A9600760B50 /* PositionAnnotationView.swift */ = {isa = PBXFileReference; lastKnownFileType = sourcecode.swift; path = PositionAnnotationView.swift; sourceTree = "<group>"; };
		DD17E5DB277D49D400010EC2 /* apponly.pb.swift */ = {isa = PBXFileReference; fileEncoding = 4; lastKnownFileType = sourcecode.swift; path = apponly.pb.swift; sourceTree = "<group>"; };
		DD17E5DC277D49D400010EC2 /* storeforward.pb.swift */ = {isa = PBXFileReference; fileEncoding = 4; lastKnownFileType = sourcecode.swift; path = storeforward.pb.swift; sourceTree = "<group>"; };
		DD1BF2F82776FE2E008C8D2F /* UserMessageList.swift */ = {isa = PBXFileReference; lastKnownFileType = sourcecode.swift; path = UserMessageList.swift; sourceTree = "<group>"; };
		DD23A50E26FD1B4400D9B90C /* PeripheralModel.swift */ = {isa = PBXFileReference; lastKnownFileType = sourcecode.swift; path = PeripheralModel.swift; sourceTree = "<group>"; };
		DD2E65252767A01F00E45FC5 /* NodeDetail.swift */ = {isa = PBXFileReference; lastKnownFileType = sourcecode.swift; path = NodeDetail.swift; sourceTree = "<group>"; };
		DD47E3CD26F103C600029299 /* NodeList.swift */ = {isa = PBXFileReference; lastKnownFileType = sourcecode.swift; path = NodeList.swift; sourceTree = "<group>"; };
		DD47E3D526F17ED900029299 /* CircleText.swift */ = {isa = PBXFileReference; lastKnownFileType = sourcecode.swift; path = CircleText.swift; sourceTree = "<group>"; };
		DD47E3D826F3093800029299 /* MessageBubble.swift */ = {isa = PBXFileReference; lastKnownFileType = sourcecode.swift; path = MessageBubble.swift; sourceTree = "<group>"; };
		DD47E3DA26F3901A00029299 /* Channels.swift */ = {isa = PBXFileReference; lastKnownFileType = sourcecode.swift; path = Channels.swift; sourceTree = "<group>"; };
		DD47E3DC26F390A000029299 /* Messages.swift */ = {isa = PBXFileReference; lastKnownFileType = sourcecode.swift; path = Messages.swift; sourceTree = "<group>"; };
		DD4A911D2708C65400501B7E /* AppSettings.swift */ = {isa = PBXFileReference; lastKnownFileType = sourcecode.swift; path = AppSettings.swift; sourceTree = "<group>"; };
		DD5394FD276BA0EF00AD86B1 /* PositionEntityExtension.swift */ = {isa = PBXFileReference; lastKnownFileType = sourcecode.swift; path = PositionEntityExtension.swift; sourceTree = "<group>"; };
		DD539501276DAA6A00AD86B1 /* MapLocation.swift */ = {isa = PBXFileReference; lastKnownFileType = sourcecode.swift; path = MapLocation.swift; sourceTree = "<group>"; };
		DD70A467279C554A003120E4 /* cannedmessages.pb.swift */ = {isa = PBXFileReference; fileEncoding = 4; lastKnownFileType = sourcecode.swift; path = cannedmessages.pb.swift; sourceTree = "<group>"; };
		DD8169F8271F1A6100F4AB02 /* MeshLogger.swift */ = {isa = PBXFileReference; lastKnownFileType = sourcecode.swift; path = MeshLogger.swift; sourceTree = "<group>"; };
		DD8169FA271F1F3A00F4AB02 /* MeshLog.swift */ = {isa = PBXFileReference; lastKnownFileType = sourcecode.swift; path = MeshLog.swift; sourceTree = "<group>"; };
		DD8169FE272476C700F4AB02 /* LogDocument.swift */ = {isa = PBXFileReference; lastKnownFileType = sourcecode.swift; path = LogDocument.swift; sourceTree = "<group>"; };
		DD836AE626F6B38600ABCC23 /* Connect.swift */ = {isa = PBXFileReference; lastKnownFileType = sourcecode.swift; path = Connect.swift; sourceTree = "<group>"; };
		DD882F5C2772E4640005BF05 /* Contacts.swift */ = {isa = PBXFileReference; lastKnownFileType = sourcecode.swift; path = Contacts.swift; sourceTree = "<group>"; };
		DD90860A26F645B700DC5189 /* MeshtasticClient.entitlements */ = {isa = PBXFileReference; lastKnownFileType = text.plist.entitlements; path = MeshtasticClient.entitlements; sourceTree = "<group>"; };
		DD90860B26F684AF00DC5189 /* BatteryIcon.swift */ = {isa = PBXFileReference; lastKnownFileType = sourcecode.swift; path = BatteryIcon.swift; sourceTree = "<group>"; };
		DD90860D26F69BAE00DC5189 /* NodeMap.swift */ = {isa = PBXFileReference; lastKnownFileType = sourcecode.swift; path = NodeMap.swift; sourceTree = "<group>"; };
		DD913638270DFF4C00D7ACF3 /* LocalNotificationManager.swift */ = {isa = PBXFileReference; lastKnownFileType = sourcecode.swift; path = LocalNotificationManager.swift; sourceTree = "<group>"; };
		DD9D8F2E2764403B00080993 /* CoreDataSample.xcdatamodel */ = {isa = PBXFileReference; lastKnownFileType = wrapper.xcdatamodel; path = CoreDataSample.xcdatamodel; sourceTree = "<group>"; };
		DDAF8C5226EB1DF10058C060 /* BLEManager.swift */ = {isa = PBXFileReference; lastKnownFileType = sourcecode.swift; path = BLEManager.swift; sourceTree = "<group>"; };
		DDAF8C5726ED07FD0058C060 /* mesh.pb.swift */ = {isa = PBXFileReference; fileEncoding = 4; lastKnownFileType = sourcecode.swift; path = mesh.pb.swift; sourceTree = "<group>"; };
		DDAF8C5C26ED09490058C060 /* portnums.pb.swift */ = {isa = PBXFileReference; fileEncoding = 4; lastKnownFileType = sourcecode.swift; path = portnums.pb.swift; sourceTree = "<group>"; };
		DDAF8C5E26ED09B50058C060 /* radioconfig.pb.swift */ = {isa = PBXFileReference; fileEncoding = 4; lastKnownFileType = sourcecode.swift; path = radioconfig.pb.swift; sourceTree = "<group>"; };
		DDAF8C6026ED0A230058C060 /* mqtt.pb.swift */ = {isa = PBXFileReference; fileEncoding = 4; lastKnownFileType = sourcecode.swift; path = mqtt.pb.swift; sourceTree = "<group>"; };
		DDAF8C6126ED0A230058C060 /* admin.pb.swift */ = {isa = PBXFileReference; fileEncoding = 4; lastKnownFileType = sourcecode.swift; path = admin.pb.swift; sourceTree = "<group>"; };
		DDAF8C6426ED0A490058C060 /* channel.pb.swift */ = {isa = PBXFileReference; fileEncoding = 4; lastKnownFileType = sourcecode.swift; path = channel.pb.swift; sourceTree = "<group>"; };
		DDAF8C6626ED0C8C0058C060 /* remote_hardware.pb.swift */ = {isa = PBXFileReference; fileEncoding = 4; lastKnownFileType = sourcecode.swift; path = remote_hardware.pb.swift; sourceTree = "<group>"; };
		DDAF8C6826ED0D070058C060 /* deviceonly.pb.swift */ = {isa = PBXFileReference; fileEncoding = 4; lastKnownFileType = sourcecode.swift; path = deviceonly.pb.swift; sourceTree = "<group>"; };
		DDAF8C6A26ED0DD80058C060 /* environmental_measurement.pb.swift */ = {isa = PBXFileReference; fileEncoding = 4; lastKnownFileType = sourcecode.swift; path = environmental_measurement.pb.swift; sourceTree = "<group>"; };
		DDAF8C6D26ED19040058C060 /* Extensions.swift */ = {isa = PBXFileReference; lastKnownFileType = sourcecode.swift; path = Extensions.swift; sourceTree = "<group>"; };
		DDC2E15426CE248E0042C5E4 /* MeshtasticClient.app */ = {isa = PBXFileReference; explicitFileType = wrapper.application; includeInIndex = 0; path = MeshtasticClient.app; sourceTree = BUILT_PRODUCTS_DIR; };
		DDC2E15726CE248E0042C5E4 /* MeshtasticClientApp.swift */ = {isa = PBXFileReference; lastKnownFileType = sourcecode.swift; path = MeshtasticClientApp.swift; sourceTree = "<group>"; };
		DDC2E15B26CE248F0042C5E4 /* Assets.xcassets */ = {isa = PBXFileReference; lastKnownFileType = folder.assetcatalog; name = Assets.xcassets; path = ../Assets.xcassets; sourceTree = "<group>"; };
		DDC2E15E26CE248F0042C5E4 /* Preview Assets.xcassets */ = {isa = PBXFileReference; lastKnownFileType = folder.assetcatalog; path = "Preview Assets.xcassets"; sourceTree = "<group>"; };
		DDC2E16526CE248F0042C5E4 /* Info.plist */ = {isa = PBXFileReference; lastKnownFileType = text.plist.xml; path = Info.plist; sourceTree = "<group>"; };
		DDC2E16A26CE248F0042C5E4 /* MeshtasticClientTests.xctest */ = {isa = PBXFileReference; explicitFileType = wrapper.cfbundle; includeInIndex = 0; path = MeshtasticClientTests.xctest; sourceTree = BUILT_PRODUCTS_DIR; };
		DDC2E16E26CE248F0042C5E4 /* MeshtasticClientTests.swift */ = {isa = PBXFileReference; lastKnownFileType = sourcecode.swift; path = MeshtasticClientTests.swift; sourceTree = "<group>"; };
		DDC2E17026CE248F0042C5E4 /* Info.plist */ = {isa = PBXFileReference; lastKnownFileType = text.plist.xml; path = Info.plist; sourceTree = "<group>"; };
		DDC2E17526CE248F0042C5E4 /* MeshtasticClientUITests.xctest */ = {isa = PBXFileReference; explicitFileType = wrapper.cfbundle; includeInIndex = 0; path = MeshtasticClientUITests.xctest; sourceTree = BUILT_PRODUCTS_DIR; };
		DDC2E17926CE248F0042C5E4 /* MeshtasticClientUITests.swift */ = {isa = PBXFileReference; lastKnownFileType = sourcecode.swift; path = MeshtasticClientUITests.swift; sourceTree = "<group>"; };
		DDC2E17B26CE248F0042C5E4 /* Info.plist */ = {isa = PBXFileReference; lastKnownFileType = text.plist.xml; path = Info.plist; sourceTree = "<group>"; };
		DDC2E18E26CE25FE0042C5E4 /* ContentView.swift */ = {isa = PBXFileReference; lastKnownFileType = sourcecode.swift; path = ContentView.swift; sourceTree = "<group>"; };
		DDC2E1A626CEB3400042C5E4 /* LocationHelper.swift */ = {isa = PBXFileReference; lastKnownFileType = sourcecode.swift; path = LocationHelper.swift; sourceTree = "<group>"; };
		DDC4D567275499A500A4208E /* Persistence.swift */ = {isa = PBXFileReference; fileEncoding = 4; lastKnownFileType = sourcecode.swift; path = Persistence.swift; sourceTree = "<group>"; };
		DDF924C926FBB953009FE055 /* ConnectedDevice.swift */ = {isa = PBXFileReference; lastKnownFileType = sourcecode.swift; path = ConnectedDevice.swift; sourceTree = "<group>"; };
/* End PBXFileReference section */

/* Begin PBXFrameworksBuildPhase section */
		DDC2E15126CE248E0042C5E4 /* Frameworks */ = {
			isa = PBXFrameworksBuildPhase;
			buildActionMask = 2147483647;
			files = (
				DD5394FC276993AD00AD86B1 /* SwiftProtobuf in Frameworks */,
			);
			runOnlyForDeploymentPostprocessing = 0;
		};
		DDC2E16726CE248F0042C5E4 /* Frameworks */ = {
			isa = PBXFrameworksBuildPhase;
			buildActionMask = 2147483647;
			files = (
			);
			runOnlyForDeploymentPostprocessing = 0;
		};
		DDC2E17226CE248F0042C5E4 /* Frameworks */ = {
			isa = PBXFrameworksBuildPhase;
			buildActionMask = 2147483647;
			files = (
			);
			runOnlyForDeploymentPostprocessing = 0;
		};
/* End PBXFrameworksBuildPhase section */

/* Begin PBXGroup section */
		C9483F6B2773016700998F6B /* Map */ = {
			isa = PBXGroup;
			children = (
				C9A7BC0E27759A6800760B50 /* Custom */,
				C9483F6C2773017500998F6B /* MapView.swift */,
			);
			path = Map;
			sourceTree = "<group>";
		};
		C9A7BC0E27759A6800760B50 /* Custom */ = {
			isa = PBXGroup;
			children = (
				C9A7BC0F27759A9600760B50 /* PositionAnnotationView.swift */,
			);
			path = Custom;
			sourceTree = "<group>";
		};
		DD47E3CA26F0E50300029299 /* Nodes */ = {
			isa = PBXGroup;
			children = (
				DD47E3CD26F103C600029299 /* NodeList.swift */,
				DD90860D26F69BAE00DC5189 /* NodeMap.swift */,
				DD2E65252767A01F00E45FC5 /* NodeDetail.swift */,
			);
			path = Nodes;
			sourceTree = "<group>";
		};
		DD47E3D726F2F21A00029299 /* Bluetooth */ = {
			isa = PBXGroup;
			children = (
				DD836AE626F6B38600ABCC23 /* Connect.swift */,
			);
			path = Bluetooth;
			sourceTree = "<group>";
		};
		DD4A911C2708C57100501B7E /* Settings */ = {
			isa = PBXGroup;
			children = (
				DD4A911D2708C65400501B7E /* AppSettings.swift */,
				DD8169FA271F1F3A00F4AB02 /* MeshLog.swift */,
				DD8169FE272476C700F4AB02 /* LogDocument.swift */,
			);
			path = Settings;
			sourceTree = "<group>";
		};
		DD8EDE9226F97A2B00A5A10B /* Frameworks */ = {
			isa = PBXGroup;
			children = (
			);
			name = Frameworks;
			sourceTree = "<group>";
		};
		DDAF8C5626ED07740058C060 /* Protobufs */ = {
			isa = PBXGroup;
			children = (
				DDAF8C6126ED0A230058C060 /* admin.pb.swift */,
				DD17E5DB277D49D400010EC2 /* apponly.pb.swift */,
				DD70A467279C554A003120E4 /* cannedmessages.pb.swift */,
				DDAF8C6426ED0A490058C060 /* channel.pb.swift */,
				DDAF8C6826ED0D070058C060 /* deviceonly.pb.swift */,
				DDAF8C6A26ED0DD80058C060 /* environmental_measurement.pb.swift */,
				DDAF8C5726ED07FD0058C060 /* mesh.pb.swift */,
				DDAF8C6026ED0A230058C060 /* mqtt.pb.swift */,
				DDAF8C5C26ED09490058C060 /* portnums.pb.swift */,
				DDAF8C5E26ED09B50058C060 /* radioconfig.pb.swift */,
				DDAF8C6626ED0C8C0058C060 /* remote_hardware.pb.swift */,
				DD17E5DC277D49D400010EC2 /* storeforward.pb.swift */,
			);
			path = Protobufs;
			sourceTree = "<group>";
		};
		DDC2E14B26CE248E0042C5E4 = {
			isa = PBXGroup;
			children = (
				DD9D8F2D2764403B00080993 /* Meshtastic.xcdatamodeld */,
				DDC2E15626CE248E0042C5E4 /* MeshtasticClient */,
				DDC2E16D26CE248F0042C5E4 /* MeshtasticClientTests */,
				DDC2E17826CE248F0042C5E4 /* MeshtasticClientUITests */,
				DDC2E15526CE248E0042C5E4 /* Products */,
				DD8EDE9226F97A2B00A5A10B /* Frameworks */,
			);
			sourceTree = "<group>";
			usesTabs = 1;
		};
		DDC2E15526CE248E0042C5E4 /* Products */ = {
			isa = PBXGroup;
			children = (
				DDC2E15426CE248E0042C5E4 /* MeshtasticClient.app */,
				DDC2E16A26CE248F0042C5E4 /* MeshtasticClientTests.xctest */,
				DDC2E17526CE248F0042C5E4 /* MeshtasticClientUITests.xctest */,
			);
			name = Products;
			sourceTree = "<group>";
		};
		DDC2E15626CE248E0042C5E4 /* MeshtasticClient */ = {
			isa = PBXGroup;
			children = (
				DD90860A26F645B700DC5189 /* MeshtasticClient.entitlements */,
				DDC4D5662754996200A4208E /* Persistence */,
				DDAF8C5626ED07740058C060 /* Protobufs */,
				DDC2E1A526CEB32B0042C5E4 /* Helpers */,
				DDC2E18726CE24E40042C5E4 /* Views */,
				DDC2E18826CE24EE0042C5E4 /* Model */,
				DDC2E18926CE24F70042C5E4 /* Resources */,
				DDC2E15726CE248E0042C5E4 /* MeshtasticClientApp.swift */,
				DDC2E16526CE248F0042C5E4 /* Info.plist */,
				DDC2E15D26CE248F0042C5E4 /* Preview Content */,
			);
			path = MeshtasticClient;
			sourceTree = "<group>";
		};
		DDC2E15D26CE248F0042C5E4 /* Preview Content */ = {
			isa = PBXGroup;
			children = (
				DDC2E15E26CE248F0042C5E4 /* Preview Assets.xcassets */,
			);
			path = "Preview Content";
			sourceTree = "<group>";
		};
		DDC2E16D26CE248F0042C5E4 /* MeshtasticClientTests */ = {
			isa = PBXGroup;
			children = (
				DDC2E16E26CE248F0042C5E4 /* MeshtasticClientTests.swift */,
				DDC2E17026CE248F0042C5E4 /* Info.plist */,
			);
			path = MeshtasticClientTests;
			sourceTree = "<group>";
		};
		DDC2E17826CE248F0042C5E4 /* MeshtasticClientUITests */ = {
			isa = PBXGroup;
			children = (
				DDC2E17926CE248F0042C5E4 /* MeshtasticClientUITests.swift */,
				DDC2E17B26CE248F0042C5E4 /* Info.plist */,
			);
			path = MeshtasticClientUITests;
			sourceTree = "<group>";
		};
		DDC2E18726CE24E40042C5E4 /* Views */ = {
			isa = PBXGroup;
			children = (
				C9483F6B2773016700998F6B /* Map */,
				DDC2E18D26CE25CB0042C5E4 /* Helpers */,
				DD47E3D726F2F21A00029299 /* Bluetooth */,
				DD47E3CA26F0E50300029299 /* Nodes */,
				DDC2E18B26CE25A70042C5E4 /* Messages */,
				DDC2E18E26CE25FE0042C5E4 /* ContentView.swift */,
				DD4A911C2708C57100501B7E /* Settings */,
			);
			path = Views;
			sourceTree = "<group>";
		};
		DDC2E18826CE24EE0042C5E4 /* Model */ = {
			isa = PBXGroup;
			children = (
				DD23A50E26FD1B4400D9B90C /* PeripheralModel.swift */,
				DD539501276DAA6A00AD86B1 /* MapLocation.swift */,
			);
			path = Model;
			sourceTree = "<group>";
		};
		DDC2E18926CE24F70042C5E4 /* Resources */ = {
			isa = PBXGroup;
			children = (
				DDC2E15B26CE248F0042C5E4 /* Assets.xcassets */,
			);
			path = Resources;
			sourceTree = "<group>";
		};
		DDC2E18B26CE25A70042C5E4 /* Messages */ = {
			isa = PBXGroup;
			children = (
				DD47E3DA26F3901A00029299 /* Channels.swift */,
				DD47E3DC26F390A000029299 /* Messages.swift */,
				DD882F5C2772E4640005BF05 /* Contacts.swift */,
				DD1BF2F82776FE2E008C8D2F /* UserMessageList.swift */,
			);
			path = Messages;
			sourceTree = "<group>";
		};
		DDC2E18D26CE25CB0042C5E4 /* Helpers */ = {
			isa = PBXGroup;
			children = (
				DD47E3D526F17ED900029299 /* CircleText.swift */,
				DD47E3D826F3093800029299 /* MessageBubble.swift */,
				DD90860B26F684AF00DC5189 /* BatteryIcon.swift */,
				DDF924C926FBB953009FE055 /* ConnectedDevice.swift */,
			);
			path = Helpers;
			sourceTree = "<group>";
		};
		DDC2E1A526CEB32B0042C5E4 /* Helpers */ = {
			isa = PBXGroup;
			children = (
				DDAF8C5226EB1DF10058C060 /* BLEManager.swift */,
				DDC2E1A626CEB3400042C5E4 /* LocationHelper.swift */,
				DDAF8C6D26ED19040058C060 /* Extensions.swift */,
				DD913638270DFF4C00D7ACF3 /* LocalNotificationManager.swift */,
				DD8169F8271F1A6100F4AB02 /* MeshLogger.swift */,
			);
			path = Helpers;
			sourceTree = "<group>";
		};
		DDC4D5662754996200A4208E /* Persistence */ = {
			isa = PBXGroup;
			children = (
				DDC4D567275499A500A4208E /* Persistence.swift */,
				DD5394FD276BA0EF00AD86B1 /* PositionEntityExtension.swift */,
			);
			path = Persistence;
			sourceTree = "<group>";
		};
/* End PBXGroup section */

/* Begin PBXNativeTarget section */
		DDC2E15326CE248E0042C5E4 /* MeshtasticClient */ = {
			isa = PBXNativeTarget;
			buildConfigurationList = DDC2E17E26CE248F0042C5E4 /* Build configuration list for PBXNativeTarget "MeshtasticClient" */;
			buildPhases = (
				DDC2E15026CE248E0042C5E4 /* Sources */,
				DDC2E15126CE248E0042C5E4 /* Frameworks */,
				DDC2E15226CE248E0042C5E4 /* Resources */,
				BB450974275599CE00509624 /* ShellScript */,
			);
			buildRules = (
			);
			dependencies = (
			);
			name = MeshtasticClient;
			packageProductDependencies = (
				DD5394FB276993AD00AD86B1 /* SwiftProtobuf */,
			);
			productName = MeshtasticClient;
			productReference = DDC2E15426CE248E0042C5E4 /* MeshtasticClient.app */;
			productType = "com.apple.product-type.application";
		};
		DDC2E16926CE248F0042C5E4 /* MeshtasticClientTests */ = {
			isa = PBXNativeTarget;
			buildConfigurationList = DDC2E18126CE248F0042C5E4 /* Build configuration list for PBXNativeTarget "MeshtasticClientTests" */;
			buildPhases = (
				DDC2E16626CE248F0042C5E4 /* Sources */,
				DDC2E16726CE248F0042C5E4 /* Frameworks */,
				DDC2E16826CE248F0042C5E4 /* Resources */,
			);
			buildRules = (
			);
			dependencies = (
				DDC2E16C26CE248F0042C5E4 /* PBXTargetDependency */,
			);
			name = MeshtasticClientTests;
			productName = MeshtasticClientTests;
			productReference = DDC2E16A26CE248F0042C5E4 /* MeshtasticClientTests.xctest */;
			productType = "com.apple.product-type.bundle.unit-test";
		};
		DDC2E17426CE248F0042C5E4 /* MeshtasticClientUITests */ = {
			isa = PBXNativeTarget;
			buildConfigurationList = DDC2E18426CE248F0042C5E4 /* Build configuration list for PBXNativeTarget "MeshtasticClientUITests" */;
			buildPhases = (
				DDC2E17126CE248F0042C5E4 /* Sources */,
				DDC2E17226CE248F0042C5E4 /* Frameworks */,
				DDC2E17326CE248F0042C5E4 /* Resources */,
			);
			buildRules = (
			);
			dependencies = (
				DDC2E17726CE248F0042C5E4 /* PBXTargetDependency */,
			);
			name = MeshtasticClientUITests;
			productName = MeshtasticClientUITests;
			productReference = DDC2E17526CE248F0042C5E4 /* MeshtasticClientUITests.xctest */;
			productType = "com.apple.product-type.bundle.ui-testing";
		};
/* End PBXNativeTarget section */

/* Begin PBXProject section */
		DDC2E14C26CE248E0042C5E4 /* Project object */ = {
			isa = PBXProject;
			attributes = {
				LastSwiftUpdateCheck = 1250;
				LastUpgradeCheck = 1250;
				TargetAttributes = {
					DDC2E15326CE248E0042C5E4 = {
						CreatedOnToolsVersion = 12.5.1;
					};
					DDC2E16926CE248F0042C5E4 = {
						CreatedOnToolsVersion = 12.5.1;
						TestTargetID = DDC2E15326CE248E0042C5E4;
					};
					DDC2E17426CE248F0042C5E4 = {
						CreatedOnToolsVersion = 12.5.1;
						TestTargetID = DDC2E15326CE248E0042C5E4;
					};
				};
			};
			buildConfigurationList = DDC2E14F26CE248E0042C5E4 /* Build configuration list for PBXProject "Meshtastic Client" */;
			compatibilityVersion = "Xcode 13.0";
			developmentRegion = en;
			hasScannedForEncodings = 0;
			knownRegions = (
				en,
				Base,
			);
			mainGroup = DDC2E14B26CE248E0042C5E4;
			packageReferences = (
				DD5394FA276993AD00AD86B1 /* XCRemoteSwiftPackageReference "swift-protobuf" */,
			);
			productRefGroup = DDC2E15526CE248E0042C5E4 /* Products */;
			projectDirPath = "";
			projectRoot = "";
			targets = (
				DDC2E15326CE248E0042C5E4 /* MeshtasticClient */,
				DDC2E16926CE248F0042C5E4 /* MeshtasticClientTests */,
				DDC2E17426CE248F0042C5E4 /* MeshtasticClientUITests */,
			);
		};
/* End PBXProject section */

/* Begin PBXResourcesBuildPhase section */
		DDC2E15226CE248E0042C5E4 /* Resources */ = {
			isa = PBXResourcesBuildPhase;
			buildActionMask = 2147483647;
			files = (
				DDC2E15F26CE248F0042C5E4 /* Preview Assets.xcassets in Resources */,
				DDC2E15C26CE248F0042C5E4 /* Assets.xcassets in Resources */,
			);
			runOnlyForDeploymentPostprocessing = 0;
		};
		DDC2E16826CE248F0042C5E4 /* Resources */ = {
			isa = PBXResourcesBuildPhase;
			buildActionMask = 2147483647;
			files = (
			);
			runOnlyForDeploymentPostprocessing = 0;
		};
		DDC2E17326CE248F0042C5E4 /* Resources */ = {
			isa = PBXResourcesBuildPhase;
			buildActionMask = 2147483647;
			files = (
			);
			runOnlyForDeploymentPostprocessing = 0;
		};
/* End PBXResourcesBuildPhase section */

/* Begin PBXShellScriptBuildPhase section */
		BB450974275599CE00509624 /* ShellScript */ = {
			isa = PBXShellScriptBuildPhase;
			buildActionMask = 2147483647;
			files = (
			);
			inputFileListPaths = (
			);
			inputPaths = (
			);
			outputFileListPaths = (
			);
			outputPaths = (
			);
			runOnlyForDeploymentPostprocessing = 0;
			shellPath = /bin/sh;
			shellScript = "if which swiftlint >/dev/null; then\n  swiftlint\nelse\n  echo \"warning: SwiftLint not installed, download from https://github.com/realm/SwiftLint\"\nfi\n";
		};
/* End PBXShellScriptBuildPhase section */

/* Begin PBXSourcesBuildPhase section */
		DDC2E15026CE248E0042C5E4 /* Sources */ = {
			isa = PBXSourcesBuildPhase;
			buildActionMask = 2147483647;
			files = (
				DD836AE726F6B38600ABCC23 /* Connect.swift in Sources */,
				DDAF8C6E26ED19040058C060 /* Extensions.swift in Sources */,
				DDC2E1A726CEB3400042C5E4 /* LocationHelper.swift in Sources */,
				DDAF8C5F26ED09B50058C060 /* radioconfig.pb.swift in Sources */,
				DD5394FE276BA0EF00AD86B1 /* PositionEntityExtension.swift in Sources */,
				DD913639270DFF4C00D7ACF3 /* LocalNotificationManager.swift in Sources */,
				DDAF8C5326EB1DF10058C060 /* BLEManager.swift in Sources */,
				DDC4D568275499A500A4208E /* Persistence.swift in Sources */,
				DD90860E26F69BAE00DC5189 /* NodeMap.swift in Sources */,
				DD47E3DB26F3901B00029299 /* Channels.swift in Sources */,
				DD8169FF272476C700F4AB02 /* LogDocument.swift in Sources */,
				DDAF8C6926ED0D070058C060 /* deviceonly.pb.swift in Sources */,
				DD70A468279C554A003120E4 /* cannedmessages.pb.swift in Sources */,
				DDAF8C6B26ED0DD80058C060 /* environmental_measurement.pb.swift in Sources */,
				DD90860C26F684AF00DC5189 /* BatteryIcon.swift in Sources */,
				DD4A911E2708C65400501B7E /* AppSettings.swift in Sources */,
				DDAF8C6226ED0A230058C060 /* mqtt.pb.swift in Sources */,
				DDF924CA26FBB953009FE055 /* ConnectedDevice.swift in Sources */,
				DDAF8C5D26ED09490058C060 /* portnums.pb.swift in Sources */,
				DD9D8F2F2764403B00080993 /* Meshtastic.xcdatamodeld in Sources */,
				DD1BF2F92776FE2E008C8D2F /* UserMessageList.swift in Sources */,
				DD23A50F26FD1B4400D9B90C /* PeripheralModel.swift in Sources */,
				C9A7BC1027759A9600760B50 /* PositionAnnotationView.swift in Sources */,
				DD882F5D2772E4640005BF05 /* Contacts.swift in Sources */,
				DD47E3CE26F103C600029299 /* NodeList.swift in Sources */,
				DD47E3D626F17ED900029299 /* CircleText.swift in Sources */,
				DDC2E18F26CE25FE0042C5E4 /* ContentView.swift in Sources */,
				DD17E5DE277D49D400010EC2 /* storeforward.pb.swift in Sources */,
				DDAF8C6326ED0A230058C060 /* admin.pb.swift in Sources */,
				C9483F6D2773017500998F6B /* MapView.swift in Sources */,
				DDAF8C5826ED07FD0058C060 /* mesh.pb.swift in Sources */,
				DD8169FB271F1F3A00F4AB02 /* MeshLog.swift in Sources */,
				DD2E65262767A01F00E45FC5 /* NodeDetail.swift in Sources */,
				DD47E3D926F3093800029299 /* MessageBubble.swift in Sources */,
				DD8169F9271F1A6100F4AB02 /* MeshLogger.swift in Sources */,
				DD539502276DAA6A00AD86B1 /* MapLocation.swift in Sources */,
				DDAF8C6726ED0C8C0058C060 /* remote_hardware.pb.swift in Sources */,
				DD17E5DD277D49D400010EC2 /* apponly.pb.swift in Sources */,
				DDAF8C6526ED0A490058C060 /* channel.pb.swift in Sources */,
				DD47E3DD26F390A000029299 /* Messages.swift in Sources */,
				DDC2E15826CE248E0042C5E4 /* MeshtasticClientApp.swift in Sources */,
			);
			runOnlyForDeploymentPostprocessing = 0;
		};
		DDC2E16626CE248F0042C5E4 /* Sources */ = {
			isa = PBXSourcesBuildPhase;
			buildActionMask = 2147483647;
			files = (
				DDC2E16F26CE248F0042C5E4 /* MeshtasticClientTests.swift in Sources */,
			);
			runOnlyForDeploymentPostprocessing = 0;
		};
		DDC2E17126CE248F0042C5E4 /* Sources */ = {
			isa = PBXSourcesBuildPhase;
			buildActionMask = 2147483647;
			files = (
				DDC2E17A26CE248F0042C5E4 /* MeshtasticClientUITests.swift in Sources */,
			);
			runOnlyForDeploymentPostprocessing = 0;
		};
/* End PBXSourcesBuildPhase section */

/* Begin PBXTargetDependency section */
		DDC2E16C26CE248F0042C5E4 /* PBXTargetDependency */ = {
			isa = PBXTargetDependency;
			target = DDC2E15326CE248E0042C5E4 /* MeshtasticClient */;
			targetProxy = DDC2E16B26CE248F0042C5E4 /* PBXContainerItemProxy */;
		};
		DDC2E17726CE248F0042C5E4 /* PBXTargetDependency */ = {
			isa = PBXTargetDependency;
			target = DDC2E15326CE248E0042C5E4 /* MeshtasticClient */;
			targetProxy = DDC2E17626CE248F0042C5E4 /* PBXContainerItemProxy */;
		};
/* End PBXTargetDependency section */

/* Begin XCBuildConfiguration section */
		DDC2E17C26CE248F0042C5E4 /* Debug */ = {
			isa = XCBuildConfiguration;
			buildSettings = {
				ALWAYS_SEARCH_USER_PATHS = NO;
				CLANG_ANALYZER_NONNULL = YES;
				CLANG_ANALYZER_NUMBER_OBJECT_CONVERSION = YES_AGGRESSIVE;
				CLANG_CXX_LANGUAGE_STANDARD = "gnu++14";
				CLANG_CXX_LIBRARY = "libc++";
				CLANG_ENABLE_MODULES = YES;
				CLANG_ENABLE_OBJC_ARC = YES;
				CLANG_ENABLE_OBJC_WEAK = YES;
				CLANG_WARN_BLOCK_CAPTURE_AUTORELEASING = YES;
				CLANG_WARN_BOOL_CONVERSION = YES;
				CLANG_WARN_COMMA = YES;
				CLANG_WARN_CONSTANT_CONVERSION = YES;
				CLANG_WARN_DEPRECATED_OBJC_IMPLEMENTATIONS = YES;
				CLANG_WARN_DIRECT_OBJC_ISA_USAGE = YES_ERROR;
				CLANG_WARN_DOCUMENTATION_COMMENTS = YES;
				CLANG_WARN_EMPTY_BODY = YES;
				CLANG_WARN_ENUM_CONVERSION = YES;
				CLANG_WARN_INFINITE_RECURSION = YES;
				CLANG_WARN_INT_CONVERSION = YES;
				CLANG_WARN_NON_LITERAL_NULL_CONVERSION = YES;
				CLANG_WARN_OBJC_IMPLICIT_RETAIN_SELF = YES;
				CLANG_WARN_OBJC_LITERAL_CONVERSION = YES;
				CLANG_WARN_OBJC_ROOT_CLASS = YES_ERROR;
				CLANG_WARN_QUOTED_INCLUDE_IN_FRAMEWORK_HEADER = YES;
				CLANG_WARN_RANGE_LOOP_ANALYSIS = YES;
				CLANG_WARN_STRICT_PROTOTYPES = YES;
				CLANG_WARN_SUSPICIOUS_MOVE = YES;
				CLANG_WARN_UNGUARDED_AVAILABILITY = YES_AGGRESSIVE;
				CLANG_WARN_UNREACHABLE_CODE = YES;
				CLANG_WARN__DUPLICATE_METHOD_MATCH = YES;
				COPY_PHASE_STRIP = NO;
				DEBUG_INFORMATION_FORMAT = dwarf;
				ENABLE_STRICT_OBJC_MSGSEND = YES;
				ENABLE_TESTABILITY = YES;
				GCC_C_LANGUAGE_STANDARD = gnu11;
				GCC_DYNAMIC_NO_PIC = NO;
				GCC_NO_COMMON_BLOCKS = YES;
				GCC_OPTIMIZATION_LEVEL = 0;
				GCC_PREPROCESSOR_DEFINITIONS = (
					"DEBUG=1",
					"$(inherited)",
				);
				GCC_WARN_64_TO_32_BIT_CONVERSION = YES;
				GCC_WARN_ABOUT_RETURN_TYPE = YES_ERROR;
				GCC_WARN_UNDECLARED_SELECTOR = YES;
				GCC_WARN_UNINITIALIZED_AUTOS = YES_AGGRESSIVE;
				GCC_WARN_UNUSED_FUNCTION = YES;
				GCC_WARN_UNUSED_VARIABLE = YES;
				IPHONEOS_DEPLOYMENT_TARGET = 15.0;
				MTL_ENABLE_DEBUG_INFO = INCLUDE_SOURCE;
				MTL_FAST_MATH = YES;
				ONLY_ACTIVE_ARCH = YES;
				SDKROOT = iphoneos;
				SWIFT_ACTIVE_COMPILATION_CONDITIONS = DEBUG;
				SWIFT_OPTIMIZATION_LEVEL = "-Onone";
			};
			name = Debug;
		};
		DDC2E17D26CE248F0042C5E4 /* Release */ = {
			isa = XCBuildConfiguration;
			buildSettings = {
				ALWAYS_SEARCH_USER_PATHS = NO;
				CLANG_ANALYZER_NONNULL = YES;
				CLANG_ANALYZER_NUMBER_OBJECT_CONVERSION = YES_AGGRESSIVE;
				CLANG_CXX_LANGUAGE_STANDARD = "gnu++14";
				CLANG_CXX_LIBRARY = "libc++";
				CLANG_ENABLE_MODULES = YES;
				CLANG_ENABLE_OBJC_ARC = YES;
				CLANG_ENABLE_OBJC_WEAK = YES;
				CLANG_WARN_BLOCK_CAPTURE_AUTORELEASING = YES;
				CLANG_WARN_BOOL_CONVERSION = YES;
				CLANG_WARN_COMMA = YES;
				CLANG_WARN_CONSTANT_CONVERSION = YES;
				CLANG_WARN_DEPRECATED_OBJC_IMPLEMENTATIONS = YES;
				CLANG_WARN_DIRECT_OBJC_ISA_USAGE = YES_ERROR;
				CLANG_WARN_DOCUMENTATION_COMMENTS = YES;
				CLANG_WARN_EMPTY_BODY = YES;
				CLANG_WARN_ENUM_CONVERSION = YES;
				CLANG_WARN_INFINITE_RECURSION = YES;
				CLANG_WARN_INT_CONVERSION = YES;
				CLANG_WARN_NON_LITERAL_NULL_CONVERSION = YES;
				CLANG_WARN_OBJC_IMPLICIT_RETAIN_SELF = YES;
				CLANG_WARN_OBJC_LITERAL_CONVERSION = YES;
				CLANG_WARN_OBJC_ROOT_CLASS = YES_ERROR;
				CLANG_WARN_QUOTED_INCLUDE_IN_FRAMEWORK_HEADER = YES;
				CLANG_WARN_RANGE_LOOP_ANALYSIS = YES;
				CLANG_WARN_STRICT_PROTOTYPES = YES;
				CLANG_WARN_SUSPICIOUS_MOVE = YES;
				CLANG_WARN_UNGUARDED_AVAILABILITY = YES_AGGRESSIVE;
				CLANG_WARN_UNREACHABLE_CODE = YES;
				CLANG_WARN__DUPLICATE_METHOD_MATCH = YES;
				COPY_PHASE_STRIP = NO;
				DEBUG_INFORMATION_FORMAT = "dwarf-with-dsym";
				ENABLE_NS_ASSERTIONS = NO;
				ENABLE_STRICT_OBJC_MSGSEND = YES;
				GCC_C_LANGUAGE_STANDARD = gnu11;
				GCC_NO_COMMON_BLOCKS = YES;
				GCC_WARN_64_TO_32_BIT_CONVERSION = YES;
				GCC_WARN_ABOUT_RETURN_TYPE = YES_ERROR;
				GCC_WARN_UNDECLARED_SELECTOR = YES;
				GCC_WARN_UNINITIALIZED_AUTOS = YES_AGGRESSIVE;
				GCC_WARN_UNUSED_FUNCTION = YES;
				GCC_WARN_UNUSED_VARIABLE = YES;
				IPHONEOS_DEPLOYMENT_TARGET = 15.0;
				MTL_ENABLE_DEBUG_INFO = NO;
				MTL_FAST_MATH = YES;
				ONLY_ACTIVE_ARCH = YES;
				SDKROOT = iphoneos;
				SWIFT_COMPILATION_MODE = wholemodule;
				SWIFT_OPTIMIZATION_LEVEL = "-O";
				TARGETED_DEVICE_FAMILY = "1,2,6";
				VALIDATE_PRODUCT = YES;
			};
			name = Release;
		};
		DDC2E17F26CE248F0042C5E4 /* Debug */ = {
			isa = XCBuildConfiguration;
			buildSettings = {
				ASSETCATALOG_COMPILER_APPICON_NAME = AppIcon;
				ASSETCATALOG_COMPILER_GLOBAL_ACCENT_COLOR_NAME = AccentColor;
				ASSETCATALOG_COMPILER_INCLUDE_ALL_APPICON_ASSETS = YES;
				CODE_SIGN_ENTITLEMENTS = MeshtasticClient/MeshtasticClient.entitlements;
				CODE_SIGN_STYLE = Automatic;
				CURRENT_PROJECT_VERSION = 20;
				DEVELOPMENT_ASSET_PATHS = "\"MeshtasticClient/Preview Content\"";
				DEVELOPMENT_TEAM = GCH7VS5Y9R;
				ENABLE_PREVIEWS = YES;
				INFOPLIST_FILE = MeshtasticClient/Info.plist;
				IPHONEOS_DEPLOYMENT_TARGET = 15.0;
				LD_RUNPATH_SEARCH_PATHS = (
					"$(inherited)",
					"@executable_path/Frameworks",
				);
				MARKETING_VERSION = 1.43;
				PRODUCT_BUNDLE_IDENTIFIER = gvh.MeshtasticClient;
				PRODUCT_NAME = "$(TARGET_NAME)";
				SUPPORTS_MACCATALYST = YES;
				SUPPORTS_MAC_DESIGNED_FOR_IPHONE_IPAD = NO;
				SWIFT_VERSION = 5.0;
				TARGETED_DEVICE_FAMILY = "1,2,6";
			};
			name = Debug;
		};
		DDC2E18026CE248F0042C5E4 /* Release */ = {
			isa = XCBuildConfiguration;
			buildSettings = {
				ASSETCATALOG_COMPILER_APPICON_NAME = AppIcon;
				ASSETCATALOG_COMPILER_GLOBAL_ACCENT_COLOR_NAME = AccentColor;
				ASSETCATALOG_COMPILER_INCLUDE_ALL_APPICON_ASSETS = YES;
				CODE_SIGN_ENTITLEMENTS = MeshtasticClient/MeshtasticClient.entitlements;
				CODE_SIGN_STYLE = Automatic;
				CURRENT_PROJECT_VERSION = 20;
				DEVELOPMENT_ASSET_PATHS = "\"MeshtasticClient/Preview Content\"";
				DEVELOPMENT_TEAM = GCH7VS5Y9R;
				ENABLE_PREVIEWS = YES;
				INFOPLIST_FILE = MeshtasticClient/Info.plist;
				IPHONEOS_DEPLOYMENT_TARGET = 15.0;
				LD_RUNPATH_SEARCH_PATHS = (
					"$(inherited)",
					"@executable_path/Frameworks",
				);
				MARKETING_VERSION = 1.43;
				PRODUCT_BUNDLE_IDENTIFIER = gvh.MeshtasticClient;
				PRODUCT_NAME = "$(TARGET_NAME)";
				SUPPORTS_MACCATALYST = YES;
				SUPPORTS_MAC_DESIGNED_FOR_IPHONE_IPAD = NO;
				SWIFT_VERSION = 5.0;
				TARGETED_DEVICE_FAMILY = "1,2,6";
			};
			name = Release;
		};
		DDC2E18226CE248F0042C5E4 /* Debug */ = {
			isa = XCBuildConfiguration;
			buildSettings = {
				ALWAYS_EMBED_SWIFT_STANDARD_LIBRARIES = YES;
				BUNDLE_LOADER = "$(TEST_HOST)";
				CODE_SIGN_STYLE = Automatic;
				DEVELOPMENT_TEAM = GCH7VS5Y9R;
				INFOPLIST_FILE = MeshtasticClientTests/Info.plist;
				IPHONEOS_DEPLOYMENT_TARGET = 14.0;
				LD_RUNPATH_SEARCH_PATHS = (
					"$(inherited)",
					"@executable_path/Frameworks",
					"@loader_path/Frameworks",
				);
				PRODUCT_BUNDLE_IDENTIFIER = gvh.MeshtasticClientTests;
				PRODUCT_NAME = "$(TARGET_NAME)";
				SWIFT_VERSION = 5.0;
				TARGETED_DEVICE_FAMILY = "1,2";
				TEST_HOST = "$(BUILT_PRODUCTS_DIR)/MeshtasticClient.app/MeshtasticClient";
			};
			name = Debug;
		};
		DDC2E18326CE248F0042C5E4 /* Release */ = {
			isa = XCBuildConfiguration;
			buildSettings = {
				ALWAYS_EMBED_SWIFT_STANDARD_LIBRARIES = YES;
				BUNDLE_LOADER = "$(TEST_HOST)";
				CODE_SIGN_STYLE = Automatic;
				DEVELOPMENT_TEAM = GCH7VS5Y9R;
				INFOPLIST_FILE = MeshtasticClientTests/Info.plist;
				IPHONEOS_DEPLOYMENT_TARGET = 14.0;
				LD_RUNPATH_SEARCH_PATHS = (
					"$(inherited)",
					"@executable_path/Frameworks",
					"@loader_path/Frameworks",
				);
				PRODUCT_BUNDLE_IDENTIFIER = gvh.MeshtasticClientTests;
				PRODUCT_NAME = "$(TARGET_NAME)";
				SWIFT_VERSION = 5.0;
				TARGETED_DEVICE_FAMILY = "1,2";
				TEST_HOST = "$(BUILT_PRODUCTS_DIR)/MeshtasticClient.app/MeshtasticClient";
			};
			name = Release;
		};
		DDC2E18526CE248F0042C5E4 /* Debug */ = {
			isa = XCBuildConfiguration;
			buildSettings = {
				ALWAYS_EMBED_SWIFT_STANDARD_LIBRARIES = YES;
				CODE_SIGN_STYLE = Automatic;
				DEVELOPMENT_TEAM = GCH7VS5Y9R;
				INFOPLIST_FILE = MeshtasticClientUITests/Info.plist;
				LD_RUNPATH_SEARCH_PATHS = (
					"$(inherited)",
					"@executable_path/Frameworks",
					"@loader_path/Frameworks",
				);
				PRODUCT_BUNDLE_IDENTIFIER = gvh.MeshtasticClientUITests;
				PRODUCT_NAME = "$(TARGET_NAME)";
				SWIFT_VERSION = 5.0;
				TARGETED_DEVICE_FAMILY = "1,2";
				TEST_TARGET_NAME = MeshtasticClient;
			};
			name = Debug;
		};
		DDC2E18626CE248F0042C5E4 /* Release */ = {
			isa = XCBuildConfiguration;
			buildSettings = {
				ALWAYS_EMBED_SWIFT_STANDARD_LIBRARIES = YES;
				CODE_SIGN_STYLE = Automatic;
				DEVELOPMENT_TEAM = GCH7VS5Y9R;
				INFOPLIST_FILE = MeshtasticClientUITests/Info.plist;
				LD_RUNPATH_SEARCH_PATHS = (
					"$(inherited)",
					"@executable_path/Frameworks",
					"@loader_path/Frameworks",
				);
				PRODUCT_BUNDLE_IDENTIFIER = gvh.MeshtasticClientUITests;
				PRODUCT_NAME = "$(TARGET_NAME)";
				SWIFT_VERSION = 5.0;
				TARGETED_DEVICE_FAMILY = "1,2";
				TEST_TARGET_NAME = MeshtasticClient;
			};
			name = Release;
		};
/* End XCBuildConfiguration section */

/* Begin XCConfigurationList section */
		DDC2E14F26CE248E0042C5E4 /* Build configuration list for PBXProject "Meshtastic Client" */ = {
			isa = XCConfigurationList;
			buildConfigurations = (
				DDC2E17C26CE248F0042C5E4 /* Debug */,
				DDC2E17D26CE248F0042C5E4 /* Release */,
			);
			defaultConfigurationIsVisible = 0;
			defaultConfigurationName = Release;
		};
		DDC2E17E26CE248F0042C5E4 /* Build configuration list for PBXNativeTarget "MeshtasticClient" */ = {
			isa = XCConfigurationList;
			buildConfigurations = (
				DDC2E17F26CE248F0042C5E4 /* Debug */,
				DDC2E18026CE248F0042C5E4 /* Release */,
			);
			defaultConfigurationIsVisible = 0;
			defaultConfigurationName = Release;
		};
		DDC2E18126CE248F0042C5E4 /* Build configuration list for PBXNativeTarget "MeshtasticClientTests" */ = {
			isa = XCConfigurationList;
			buildConfigurations = (
				DDC2E18226CE248F0042C5E4 /* Debug */,
				DDC2E18326CE248F0042C5E4 /* Release */,
			);
			defaultConfigurationIsVisible = 0;
			defaultConfigurationName = Release;
		};
		DDC2E18426CE248F0042C5E4 /* Build configuration list for PBXNativeTarget "MeshtasticClientUITests" */ = {
			isa = XCConfigurationList;
			buildConfigurations = (
				DDC2E18526CE248F0042C5E4 /* Debug */,
				DDC2E18626CE248F0042C5E4 /* Release */,
			);
			defaultConfigurationIsVisible = 0;
			defaultConfigurationName = Release;
		};
/* End XCConfigurationList section */

/* Begin XCRemoteSwiftPackageReference section */
		DD5394FA276993AD00AD86B1 /* XCRemoteSwiftPackageReference "swift-protobuf" */ = {
			isa = XCRemoteSwiftPackageReference;
			repositoryURL = "https://github.com/apple/swift-protobuf.git";
			requirement = {
				kind = upToNextMajorVersion;
				minimumVersion = 1.0.0;
			};
		};
/* End XCRemoteSwiftPackageReference section */

/* Begin XCSwiftPackageProductDependency section */
		DD5394FB276993AD00AD86B1 /* SwiftProtobuf */ = {
			isa = XCSwiftPackageProductDependency;
			package = DD5394FA276993AD00AD86B1 /* XCRemoteSwiftPackageReference "swift-protobuf" */;
			productName = SwiftProtobuf;
		};
/* End XCSwiftPackageProductDependency section */

/* Begin XCVersionGroup section */
		DD9D8F2D2764403B00080993 /* Meshtastic.xcdatamodeld */ = {
			isa = XCVersionGroup;
			children = (
				DD9D8F2E2764403B00080993 /* CoreDataSample.xcdatamodel */,
			);
			currentVersion = DD9D8F2E2764403B00080993 /* CoreDataSample.xcdatamodel */;
			name = Meshtastic.xcdatamodeld;
			path = MeshtasticClient/Meshtastic.xcdatamodeld;
			sourceTree = "<group>";
			versionGroupType = wrapper.xcdatamodel;
		};
/* End XCVersionGroup section */
	};
	rootObject = DDC2E14C26CE248E0042C5E4 /* Project object */;
}
