{
  "originHash" : "4cc10f5e2e37a0271a5ab373060c79138767c500c1475a2c04a71631e136f3b4",
  "pins" : [
    {
      "identity" : "activityindicatorview",
      "kind" : "remoteSourceControl",
      "location" : "https://github.com/exyte/ActivityIndicatorView",
      "state" : {
        "revision" : "36140867802ae4a1d2b11490bcbbefe058001d14",
        "version" : "1.2.1"
      }
    },
    {
      "identity" : "anchoredpopup",
      "kind" : "remoteSourceControl",
      "location" : "https://github.com/exyte/AnchoredPopup.git",
      "state" : {
        "revision" : "dfcd04d7a265808333674a7ccf001838102a391e",
        "version" : "1.1.0"
      }
    },
    {
      "identity" : "chat",
      "kind" : "remoteSourceControl",
      "location" : "https://github.com/exyte/Chat.git",
      "state" : {
        "revision" : "ecf7edb1ba6d4406543af3796c512005dc013802",
        "version" : "2.7.6"
      }
    },
    {
      "identity" : "cocoamqtt",
      "kind" : "remoteSourceControl",
      "location" : "https://github.com/emqx/CocoaMQTT",
      "state" : {
        "revision" : "aff43422925cc30b9af319f4c4dce4f52859baf4",
        "version" : "2.1.8"
      }
    },
    {
      "identity" : "dd-sdk-ios",
      "kind" : "remoteSourceControl",
      "location" : "https://github.com/DataDog/dd-sdk-ios.git",
      "state" : {
        "revision" : "8d67e973ff4a958cb536263cb816646ee904c508",
        "version" : "3.3.0"
      }
    },
    {
      "identity" : "giphy-ios-sdk",
      "kind" : "remoteSourceControl",
      "location" : "https://github.com/Giphy/giphy-ios-sdk",
      "state" : {
        "revision" : "f7a8edf513ab14147ef33c942b10b45cdac1e765",
        "version" : "2.3.0"
      }
    },
    {
      "identity" : "kingfisher",
      "kind" : "remoteSourceControl",
      "location" : "https://github.com/onevcat/Kingfisher",
      "state" : {
        "revision" : "e227df15448d2ad1a5d4e4c49722a71c68f9058a",
        "version" : "8.7.0"
      }
    },
    {
      "identity" : "libwebp-xcode",
      "kind" : "remoteSourceControl",
      "location" : "https://github.com/SDWebImage/libwebp-Xcode",
      "state" : {
        "revision" : "0d60654eeefd5d7d2bef3835804892c40225e8b2",
        "version" : "1.5.0"
      }
    },
    {
      "identity" : "mediapicker",
      "kind" : "remoteSourceControl",
      "location" : "https://github.com/exyte/MediaPicker.git",
      "state" : {
        "revision" : "fd71c0b560aa79eee1b87f73ce93fac5576a01df",
        "version" : "3.2.4"
      }
    },
    {
      "identity" : "mqttcocoaasyncsocket",
      "kind" : "remoteSourceControl",
      "location" : "https://github.com/leeway1208/MqttCocoaAsyncSocket",
      "state" : {
        "revision" : "ce3e18607fd01079495f86ff6195d8a3ca469f73",
        "version" : "1.0.8"
      }
    },
    {
      "identity" : "opentelemetry-swift-packages",
      "kind" : "remoteSourceControl",
      "location" : "https://github.com/DataDog/opentelemetry-swift-packages.git",
      "state" : {
        "revision" : "4a7295600d4ebb9525a23c11586c5fdb74ae8b7e",
        "version" : "1.13.1"
      }
    },
    {
      "identity" : "plcrashreporter",
      "kind" : "remoteSourceControl",
      "location" : "https://github.com/microsoft/plcrashreporter.git",
      "state" : {
        "revision" : "8c61e5e38e9f737dd68512ed1ea5ab081244ad65",
        "version" : "1.12.0"
      }
    },
    {
      "identity" : "starscream",
      "kind" : "remoteSourceControl",
      "location" : "https://github.com/daltoniam/Starscream.git",
      "state" : {
        "revision" : "c6bfd1af48efcc9a9ad203665db12375ba6b145a",
        "version" : "4.0.8"
      }
    },
    {
      "identity" : "swift-protobuf",
      "kind" : "remoteSourceControl",
      "location" : "https://github.com/apple/swift-protobuf.git",
      "state" : {
        "revision" : "c169a5744230951031770e27e475ff6eefe51f9d",
        "version" : "1.33.3"
      }
    }
  ],
  "version" : 3
}
