// !$*UTF8*$!
{
	archiveVersion = 1;
	classes = {
	};
	objectVersion = 60;
	objects = {

/* Begin PBXBuildFile section */
		08DD7E512C41B0BA00548159 /* AppState.swift in Sources */ = {isa = PBXBuildFile; fileRef = 08DD7E502C41B0BA00548159 /* AppState.swift */; };
		08DD7E532C41CBBD00548159 /* Localizable.xcstrings in Resources */ = {isa = PBXBuildFile; fileRef = 08DD7E522C41CBBD00548159 /* Localizable.xcstrings */; };
		08DD7E552C41D63800548159 /* AppConstants.swift in Sources */ = {isa = PBXBuildFile; fileRef = 08DD7E542C41D63800548159 /* AppConstants.swift */; };
		08DD7E5D2C42833200548159 /* LoRaSignalStrength.swift in Sources */ = {isa = PBXBuildFile; fileRef = 08DD7E5C2C42833200548159 /* LoRaSignalStrength.swift */; };
		08DD7E5F2C4283A100548159 /* LoRaSignal.swift in Sources */ = {isa = PBXBuildFile; fileRef = 08DD7E5E2C4283A100548159 /* LoRaSignal.swift */; };
		08DD7E632C42D8B300548159 /* MQTTConnectionIcon.swift in Sources */ = {isa = PBXBuildFile; fileRef = 08DD7E622C42D8B300548159 /* MQTTConnectionIcon.swift */; };
		259792252C2F114500AD1659 /* ChannelEntityExtension.swift in Sources */ = {isa = PBXBuildFile; fileRef = DD58C5F12919AD3C00D5BEFB /* ChannelEntityExtension.swift */; };
		259792262C2F114500AD1659 /* PositionEntityExtension.swift in Sources */ = {isa = PBXBuildFile; fileRef = DD5394FD276BA0EF00AD86B1 /* PositionEntityExtension.swift */; };
		259792272C2F114500AD1659 /* TraceRouteEntityExtension.swift in Sources */ = {isa = PBXBuildFile; fileRef = DDE5B4052B227E3200FCDD05 /* TraceRouteEntityExtension.swift */; };
		25A978BA2C13F8ED0003AAE7 /* MeshtasticProtobufs in Frameworks */ = {isa = PBXBuildFile; productRef = 25A978B92C13F8ED0003AAE7 /* MeshtasticProtobufs */; };
		25F26B1E2C2F610D00C9CD9D /* Logger.swift in Sources */ = {isa = PBXBuildFile; fileRef = DDD5BB0C2C285F00007E03CA /* Logger.swift */; };
		6D825E622C34786C008DBEE4 /* CommonRegex.swift in Sources */ = {isa = PBXBuildFile; fileRef = 6D825E612C34786C008DBEE4 /* CommonRegex.swift */; };
		6DA39D8E2A92DC52007E311C /* MeowtasticAppDelegate.swift in Sources */ = {isa = PBXBuildFile; fileRef = 6DA39D8D2A92DC52007E311C /* MeowtasticAppDelegate.swift */; };
		6DEDA55C2A9592F900321D2E /* MessageEntityExtension.swift in Sources */ = {isa = PBXBuildFile; fileRef = 6DEDA55B2A9592F900321D2E /* MessageEntityExtension.swift */; };
		B266DA902C53CEFB0067D317 /* Constants.swift in Sources */ = {isa = PBXBuildFile; fileRef = B266DA8F2C53CEFB0067D317 /* Constants.swift */; };
		B266DABC2C53CFD40067D317 /* Meowtastic.xcdatamodeld in Sources */ = {isa = PBXBuildFile; fileRef = B266DA932C53CFD30067D317 /* Meowtastic.xcdatamodeld */; };
		B2A5F2FC2C5668FD009457AB /* ClientHistoryButton.swift in Sources */ = {isa = PBXBuildFile; fileRef = B2A5F2DA2C5668FD009457AB /* ClientHistoryButton.swift */; };
		B2A5F2FD2C5668FD009457AB /* DeleteNodeButton.swift in Sources */ = {isa = PBXBuildFile; fileRef = B2A5F2DB2C5668FD009457AB /* DeleteNodeButton.swift */; };
		B2A5F2FE2C5668FD009457AB /* ExchangePositionsButton.swift in Sources */ = {isa = PBXBuildFile; fileRef = B2A5F2DC2C5668FD009457AB /* ExchangePositionsButton.swift */; };
		B2A5F2FF2C5668FD009457AB /* FavoriteNodeButton.swift in Sources */ = {isa = PBXBuildFile; fileRef = B2A5F2DD2C5668FD009457AB /* FavoriteNodeButton.swift */; };
		B2A5F3002C5668FD009457AB /* NodeAlertsButton.swift in Sources */ = {isa = PBXBuildFile; fileRef = B2A5F2DE2C5668FD009457AB /* NodeAlertsButton.swift */; };
		B2A5F3022C5668FD009457AB /* BLEManager+Extensions.swift in Sources */ = {isa = PBXBuildFile; fileRef = B2A5F2E12C5668FD009457AB /* BLEManager+Extensions.swift */; };
		B2A5F3032C5668FD009457AB /* NodeDetail.swift in Sources */ = {isa = PBXBuildFile; fileRef = B2A5F2E22C5668FD009457AB /* NodeDetail.swift */; };
		B2A5F3042C5668FD009457AB /* NodeIconListView.swift in Sources */ = {isa = PBXBuildFile; fileRef = B2A5F2E32C5668FD009457AB /* NodeIconListView.swift */; };
		B2A5F3062C5668FD009457AB /* NodeInfoEntity+Extensions.swift in Sources */ = {isa = PBXBuildFile; fileRef = B2A5F2E52C5668FD009457AB /* NodeInfoEntity+Extensions.swift */; };
		B2A5F3072C5668FD009457AB /* NodeInfoView.swift in Sources */ = {isa = PBXBuildFile; fileRef = B2A5F2E62C5668FD009457AB /* NodeInfoView.swift */; };
		B2A5F3092C5668FD009457AB /* NodeListItem.swift in Sources */ = {isa = PBXBuildFile; fileRef = B2A5F2E82C5668FD009457AB /* NodeListItem.swift */; };
		B2A5F30A2C5668FD009457AB /* MeshMapContent.swift in Sources */ = {isa = PBXBuildFile; fileRef = B2A5F2EA2C5668FD009457AB /* MeshMapContent.swift */; };
		B2A5F30B2C5668FD009457AB /* NodeMapContent.swift in Sources */ = {isa = PBXBuildFile; fileRef = B2A5F2EB2C5668FD009457AB /* NodeMapContent.swift */; };
		B2A5F30C2C5668FD009457AB /* AltitudeHistoryView.swift in Sources */ = {isa = PBXBuildFile; fileRef = B2A5F2ED2C5668FD009457AB /* AltitudeHistoryView.swift */; };
		B2A5F30D2C5668FD009457AB /* MapSettingsForm.swift in Sources */ = {isa = PBXBuildFile; fileRef = B2A5F2EE2C5668FD009457AB /* MapSettingsForm.swift */; };
		B2A5F30E2C5668FD009457AB /* NodeMap.swift in Sources */ = {isa = PBXBuildFile; fileRef = B2A5F2EF2C5668FD009457AB /* NodeMap.swift */; };
		B2A5F30F2C5668FD009457AB /* SimpleNodeMap.swift in Sources */ = {isa = PBXBuildFile; fileRef = B2A5F2F02C5668FD009457AB /* SimpleNodeMap.swift */; };
		B2A5F3132C5668FD009457AB /* MeshMap.swift in Sources */ = {isa = PBXBuildFile; fileRef = B2A5F2F52C5668FD009457AB /* MeshMap.swift */; };
		B2A5F3142C5668FD009457AB /* NodeList.swift in Sources */ = {isa = PBXBuildFile; fileRef = B2A5F2F62C5668FD009457AB /* NodeList.swift */; };
		B2A5F31C2C566D98009457AB /* TraceRoute.swift in Sources */ = {isa = PBXBuildFile; fileRef = B2A5F31B2C566D98009457AB /* TraceRoute.swift */; };
		B399E8A42B6F486400E4488E /* RetryButton.swift in Sources */ = {isa = PBXBuildFile; fileRef = B399E8A32B6F486400E4488E /* RetryButton.swift */; };
		B3E905B12B71F7F300654D07 /* TextMessageField.swift in Sources */ = {isa = PBXBuildFile; fileRef = B3E905B02B71F7F300654D07 /* TextMessageField.swift */; };
		C9697FA527933B8C00250207 /* SQLite in Frameworks */ = {isa = PBXBuildFile; productRef = C9697FA427933B8C00250207 /* SQLite */; };
		D93068D32B8129510066FBC8 /* MessageContextMenuItems.swift in Sources */ = {isa = PBXBuildFile; fileRef = D93068D22B8129510066FBC8 /* MessageContextMenuItems.swift */; };
		D93068D52B812B700066FBC8 /* MessageDestination.swift in Sources */ = {isa = PBXBuildFile; fileRef = D93068D42B812B700066FBC8 /* MessageDestination.swift */; };
		D93068D72B8146690066FBC8 /* MessageView.swift in Sources */ = {isa = PBXBuildFile; fileRef = D93068D62B8146690066FBC8 /* MessageView.swift */; };
		D93068D92B81509C0066FBC8 /* TapbackResponses.swift in Sources */ = {isa = PBXBuildFile; fileRef = D93068D82B81509C0066FBC8 /* TapbackResponses.swift */; };
		D93068DB2B81C85E0066FBC8 /* PowerConfig.swift in Sources */ = {isa = PBXBuildFile; fileRef = D93068DA2B81C85E0066FBC8 /* PowerConfig.swift */; };
		D93068DD2B81CA820066FBC8 /* ConfigHeader.swift in Sources */ = {isa = PBXBuildFile; fileRef = D93068DC2B81CA820066FBC8 /* ConfigHeader.swift */; };
		D93069082B81DF040066FBC8 /* SaveConfigButton.swift in Sources */ = {isa = PBXBuildFile; fileRef = D93069072B81DF040066FBC8 /* SaveConfigButton.swift */; };
		D9C983A02B79D0E800BDBE6A /* AlertButton.swift in Sources */ = {isa = PBXBuildFile; fileRef = D9C9839F2B79D0E800BDBE6A /* AlertButton.swift */; };
		D9C983A22B79D1A600BDBE6A /* RequestPositionButton.swift in Sources */ = {isa = PBXBuildFile; fileRef = D9C983A12B79D1A600BDBE6A /* RequestPositionButton.swift */; };
		DD007BAE2AA4E91200F5FA12 /* MyInfoEntityExtension.swift in Sources */ = {isa = PBXBuildFile; fileRef = DD007BAD2AA4E91200F5FA12 /* MyInfoEntityExtension.swift */; };
		DD007BB02AA5981000F5FA12 /* NodeInfoEntityExtension.swift in Sources */ = {isa = PBXBuildFile; fileRef = DD007BAF2AA5981000F5FA12 /* NodeInfoEntityExtension.swift */; };
		DD0D3D222A55CEB10066DB71 /* CocoaMQTT in Frameworks */ = {isa = PBXBuildFile; productRef = DD0D3D212A55CEB10066DB71 /* CocoaMQTT */; };
		DD0E21012B8A6F1300F2D100 /* DeviceHardware.json in Resources */ = {isa = PBXBuildFile; fileRef = DD0E21002B8A6BC500F2D100 /* DeviceHardware.json */; };
		DD1925B728CDA5A400720036 /* CannedMessagesConfigEnums.swift in Sources */ = {isa = PBXBuildFile; fileRef = DD1925B628CDA5A400720036 /* CannedMessagesConfigEnums.swift */; };
		DD1925B928CDA93900720036 /* SerialConfigEnums.swift in Sources */ = {isa = PBXBuildFile; fileRef = DD1925B828CDA93900720036 /* SerialConfigEnums.swift */; };
		DD1933782B084F4200771CD5 /* Measurement.swift in Sources */ = {isa = PBXBuildFile; fileRef = DD1933772B084F4200771CD5 /* Measurement.swift */; };
		DD1BF2F92776FE2E008C8D2F /* UserMessageList.swift in Sources */ = {isa = PBXBuildFile; fileRef = DD1BF2F82776FE2E008C8D2F /* UserMessageList.swift */; };
		DD2160AF28C5552500C17253 /* MQTTConfig.swift in Sources */ = {isa = PBXBuildFile; fileRef = DD2160AE28C5552500C17253 /* MQTTConfig.swift */; };
		DD23A50F26FD1B4400D9B90C /* PeripheralModel.swift in Sources */ = {isa = PBXBuildFile; fileRef = DD23A50E26FD1B4400D9B90C /* PeripheralModel.swift */; };
		DD2553572855B02500E55709 /* LoRaConfig.swift in Sources */ = {isa = PBXBuildFile; fileRef = DD2553562855B02500E55709 /* LoRaConfig.swift */; };
		DD2553592855B52700E55709 /* PositionConfig.swift in Sources */ = {isa = PBXBuildFile; fileRef = DD2553582855B52700E55709 /* PositionConfig.swift */; };
		DD268D8E2BCC90E2008073AE /* RouteEnums.swift in Sources */ = {isa = PBXBuildFile; fileRef = DD268D8D2BCC90E2008073AE /* RouteEnums.swift */; };
		DD33DB622B3D27C7003E1EA0 /* FirmwareApi.swift in Sources */ = {isa = PBXBuildFile; fileRef = DD33DB612B3D27C7003E1EA0 /* FirmwareApi.swift */; };
		DD3501892852FC3B000FC853 /* Settings.swift in Sources */ = {isa = PBXBuildFile; fileRef = DD3501882852FC3B000FC853 /* Settings.swift */; };
		DD3619152B1EF9F900C41C8C /* LocationsHandler.swift in Sources */ = {isa = PBXBuildFile; fileRef = DD3619142B1EF9F900C41C8C /* LocationsHandler.swift */; };
		DD3CC6BE28E4CD9800FA9159 /* BatteryGaugeView.swift in Sources */ = {isa = PBXBuildFile; fileRef = DD3CC6BD28E4CD9800FA9159 /* BatteryGaugeView.swift */; };
		DD3CC6C028E7A60700FA9159 /* MessagingEnums.swift in Sources */ = {isa = PBXBuildFile; fileRef = DD3CC6BF28E7A60700FA9159 /* MessagingEnums.swift */; };
		DD3CC6C228EB9D4900FA9159 /* UpdateCoreData.swift in Sources */ = {isa = PBXBuildFile; fileRef = DD3CC6C128EB9D4900FA9159 /* UpdateCoreData.swift */; };
		DD41582628582E9B009B0E59 /* DeviceConfig.swift in Sources */ = {isa = PBXBuildFile; fileRef = DD41582528582E9B009B0E59 /* DeviceConfig.swift */; };
		DD457188293C7E63000C49FB /* BLESignalStrengthIndicator.swift in Sources */ = {isa = PBXBuildFile; fileRef = DD457187293C7E63000C49FB /* BLESignalStrengthIndicator.swift */; };
		DD47E3D626F17ED900029299 /* Avatar.swift in Sources */ = {isa = PBXBuildFile; fileRef = DD47E3D526F17ED900029299 /* Avatar.swift */; };
		DD4A911E2708C65400501B7E /* AppSettings.swift in Sources */ = {isa = PBXBuildFile; fileRef = DD4A911D2708C65400501B7E /* AppSettings.swift */; };
		DD5D0A9C2931B9F200F7EA61 /* EthernetModes.swift in Sources */ = {isa = PBXBuildFile; fileRef = DD5D0A9B2931B9F200F7EA61 /* EthernetModes.swift */; };
		DD77093F2AA1B146007A8BF0 /* UIColor.swift in Sources */ = {isa = PBXBuildFile; fileRef = DD77093E2AA1B146007A8BF0 /* UIColor.swift */; };
		DD798B072915928D005217CD /* ChannelMessageList.swift in Sources */ = {isa = PBXBuildFile; fileRef = DD798B062915928D005217CD /* ChannelMessageList.swift */; };
		DD8169F9271F1A6100F4AB02 /* MeshLogger.swift in Sources */ = {isa = PBXBuildFile; fileRef = DD8169F8271F1A6100F4AB02 /* MeshLogger.swift */; };
		DD836AE726F6B38600ABCC23 /* Connect.swift in Sources */ = {isa = PBXBuildFile; fileRef = DD836AE626F6B38600ABCC23 /* Connect.swift */; };
		DD86D40A287F04F100BAEB7A /* InvalidVersion.swift in Sources */ = {isa = PBXBuildFile; fileRef = DD86D409287F04F100BAEB7A /* InvalidVersion.swift */; };
		DD8EBF43285058FA00426DCA /* DisplayConfig.swift in Sources */ = {isa = PBXBuildFile; fileRef = DD8EBF42285058FA00426DCA /* DisplayConfig.swift */; };
		DD8ED9C52898D51F00B3B0AB /* NetworkConfig.swift in Sources */ = {isa = PBXBuildFile; fileRef = DD8ED9C42898D51F00B3B0AB /* NetworkConfig.swift */; };
		DD8ED9C8289CE4B900B3B0AB /* RoutingError.swift in Sources */ = {isa = PBXBuildFile; fileRef = DD8ED9C7289CE4B900B3B0AB /* RoutingError.swift */; };
		DD913639270DFF4C00D7ACF3 /* LocalNotificationManager.swift in Sources */ = {isa = PBXBuildFile; fileRef = DD913638270DFF4C00D7ACF3 /* LocalNotificationManager.swift */; };
		DD93800E2BA74D0C008BEC06 /* ChannelForm.swift in Sources */ = {isa = PBXBuildFile; fileRef = DD93800D2BA74D0C008BEC06 /* ChannelForm.swift */; };
		DD964FBD296E6B01007C176F /* EmojiOnlyTextField.swift in Sources */ = {isa = PBXBuildFile; fileRef = DD964FBC296E6B01007C176F /* EmojiOnlyTextField.swift */; };
		DD964FC2297272AE007C176F /* WaypointEntityExtension.swift in Sources */ = {isa = PBXBuildFile; fileRef = DD964FC1297272AE007C176F /* WaypointEntityExtension.swift */; };
		DD964FC62975DBFD007C176F /* QueryCoreData.swift in Sources */ = {isa = PBXBuildFile; fileRef = DD964FC52975DBFD007C176F /* QueryCoreData.swift */; };
		DD97E96628EFD9820056DDA4 /* MeshtasticLogo.swift in Sources */ = {isa = PBXBuildFile; fileRef = DD97E96528EFD9820056DDA4 /* MeshtasticLogo.swift */; };
		DD97E96828EFE9A00056DDA4 /* About.swift in Sources */ = {isa = PBXBuildFile; fileRef = DD97E96728EFE9A00056DDA4 /* About.swift */; };
		DD994B69295F88B60013760A /* IntervalEnums.swift in Sources */ = {isa = PBXBuildFile; fileRef = DD994B68295F88B60013760A /* IntervalEnums.swift */; };
		DDA0B6B2294CDC55001356EC /* Channels.swift in Sources */ = {isa = PBXBuildFile; fileRef = DDA0B6B1294CDC55001356EC /* Channels.swift */; };
		DDA1C48E28DB49D3009933EC /* ChannelRoles.swift in Sources */ = {isa = PBXBuildFile; fileRef = DDA1C48D28DB49D3009933EC /* ChannelRoles.swift */; };
		DDA6B2E928419CF2003E8C16 /* MeshPackets.swift in Sources */ = {isa = PBXBuildFile; fileRef = DDA6B2E828419CF2003E8C16 /* MeshPackets.swift */; };
		DDA9515A2BC6624100CEA535 /* TelemetryWeather.swift in Sources */ = {isa = PBXBuildFile; fileRef = DDA951592BC6624100CEA535 /* TelemetryWeather.swift */; };
		DDA9515C2BC6631200CEA535 /* TelemetryEnums.swift in Sources */ = {isa = PBXBuildFile; fileRef = DDA9515B2BC6631200CEA535 /* TelemetryEnums.swift */; };
		DDAB580F2B0DAFBC00147258 /* LocationEntityExtension.swift in Sources */ = {isa = PBXBuildFile; fileRef = DDAB580E2B0DAFBC00147258 /* LocationEntityExtension.swift */; };
		DDAF8C5326EB1DF10058C060 /* BLEManager.swift in Sources */ = {isa = PBXBuildFile; fileRef = DDAF8C5226EB1DF10058C060 /* BLEManager.swift */; };
		DDB6ABD628AE742000384BA1 /* BluetoothConfig.swift in Sources */ = {isa = PBXBuildFile; fileRef = DDB6ABD528AE742000384BA1 /* BluetoothConfig.swift */; };
		DDB6ABD928B0A4BA00384BA1 /* BluetoothModes.swift in Sources */ = {isa = PBXBuildFile; fileRef = DDB6ABD828B0A4BA00384BA1 /* BluetoothModes.swift */; };
		DDB6ABDB28B0AC6000384BA1 /* DistanceText.swift in Sources */ = {isa = PBXBuildFile; fileRef = DDB6ABDA28B0AC6000384BA1 /* DistanceText.swift */; };
		DDB6ABE028B13AC700384BA1 /* DeviceEnums.swift in Sources */ = {isa = PBXBuildFile; fileRef = DDB6ABDF28B13AC700384BA1 /* DeviceEnums.swift */; };
		DDB6ABE228B13FB500384BA1 /* PositionConfigEnums.swift in Sources */ = {isa = PBXBuildFile; fileRef = DDB6ABE128B13FB500384BA1 /* PositionConfigEnums.swift */; };
		DDB6ABE428B13FFF00384BA1 /* DisplayEnums.swift in Sources */ = {isa = PBXBuildFile; fileRef = DDB6ABE328B13FFF00384BA1 /* DisplayEnums.swift */; };
		DDB6ABE628B1406100384BA1 /* LoraConfigEnums.swift in Sources */ = {isa = PBXBuildFile; fileRef = DDB6ABE528B1406100384BA1 /* LoraConfigEnums.swift */; };
		DDB75A0F2A05920E006ED576 /* FileManager.swift in Sources */ = {isa = PBXBuildFile; fileRef = DDB75A0E2A05920E006ED576 /* FileManager.swift */; };
		DDB75A112A059258006ED576 /* Url.swift in Sources */ = {isa = PBXBuildFile; fileRef = DDB75A102A059258006ED576 /* Url.swift */; };
		DDB75A1A2A05EB67006ED576 /* alpha.png in Resources */ = {isa = PBXBuildFile; fileRef = DDB75A192A05EB67006ED576 /* alpha.png */; };
		DDB75A1E2A0B0CD0006ED576 /* LoRaSignalView.swift in Sources */ = {isa = PBXBuildFile; fileRef = DDB75A1D2A0B0CD0006ED576 /* LoRaSignalView.swift */; };
		DDB75A212A12B954006ED576 /* LoRaSignalMeterView.swift in Sources */ = {isa = PBXBuildFile; fileRef = DDB75A202A12B954006ED576 /* LoRaSignalMeterView.swift */; };
		DDB75A232A13CDA9006ED576 /* BatteryLevelCompact.swift in Sources */ = {isa = PBXBuildFile; fileRef = DDB75A222A13CDA9006ED576 /* BatteryLevelCompact.swift */; };
		DDB8F4102A9EE5B400230ECE /* Messages.swift in Sources */ = {isa = PBXBuildFile; fileRef = DDB8F40F2A9EE5B400230ECE /* Messages.swift */; };
		DDC2E15826CE248E0042C5E4 /* MeowtasticApp.swift in Sources */ = {isa = PBXBuildFile; fileRef = DDC2E15726CE248E0042C5E4 /* MeowtasticApp.swift */; };
		DDC2E15C26CE248F0042C5E4 /* Assets.xcassets in Resources */ = {isa = PBXBuildFile; fileRef = DDC2E15B26CE248F0042C5E4 /* Assets.xcassets */; };
		DDC2E15F26CE248F0042C5E4 /* Preview Assets.xcassets in Resources */ = {isa = PBXBuildFile; fileRef = DDC2E15E26CE248F0042C5E4 /* Preview Assets.xcassets */; };
		DDC2E18F26CE25FE0042C5E4 /* ContentView.swift in Sources */ = {isa = PBXBuildFile; fileRef = DDC2E18E26CE25FE0042C5E4 /* ContentView.swift */; };
		DDC2E1A726CEB3400042C5E4 /* LocationHelper.swift in Sources */ = {isa = PBXBuildFile; fileRef = DDC2E1A626CEB3400042C5E4 /* LocationHelper.swift */; };
		DDC3B274283F411B00AC321C /* LastHeardText.swift in Sources */ = {isa = PBXBuildFile; fileRef = DDC3B273283F411B00AC321C /* LastHeardText.swift */; };
		DDC4D568275499A500A4208E /* Persistence.swift in Sources */ = {isa = PBXBuildFile; fileRef = DDC4D567275499A500A4208E /* Persistence.swift */; };
		DDCE4E2C2869F92900BE9F8F /* UserConfig.swift in Sources */ = {isa = PBXBuildFile; fileRef = DDCE4E2B2869F92900BE9F8F /* UserConfig.swift */; };
		DDD43FE32A78C8900083A3E9 /* MqttClientProxyManager.swift in Sources */ = {isa = PBXBuildFile; fileRef = DDD43FE22A78C8900083A3E9 /* MqttClientProxyManager.swift */; };
		DDD5BB182C2F9C36007E03CA /* OSLogEntryLog.swift in Sources */ = {isa = PBXBuildFile; fileRef = DDD5BB172C2F9C36007E03CA /* OSLogEntryLog.swift */; };
		DDD9E4E4284B208E003777C5 /* UserEntityExtension.swift in Sources */ = {isa = PBXBuildFile; fileRef = DDD9E4E3284B208E003777C5 /* UserEntityExtension.swift */; };
		DDDB444029F79AB000EE2349 /* UserDefaults.swift in Sources */ = {isa = PBXBuildFile; fileRef = DDDB443F29F79AB000EE2349 /* UserDefaults.swift */; };
		DDDB444229F8A88700EE2349 /* Double.swift in Sources */ = {isa = PBXBuildFile; fileRef = DDDB444129F8A88700EE2349 /* Double.swift */; };
		DDDB444429F8A8DD00EE2349 /* Float.swift in Sources */ = {isa = PBXBuildFile; fileRef = DDDB444329F8A8DD00EE2349 /* Float.swift */; };
		DDDB444629F8A96500EE2349 /* Character.swift in Sources */ = {isa = PBXBuildFile; fileRef = DDDB444529F8A96500EE2349 /* Character.swift */; };
		DDDB444829F8A9C900EE2349 /* String.swift in Sources */ = {isa = PBXBuildFile; fileRef = DDDB444729F8A9C900EE2349 /* String.swift */; };
		DDDB444A29F8AA3A00EE2349 /* CLLocationCoordinate2D.swift in Sources */ = {isa = PBXBuildFile; fileRef = DDDB444929F8AA3A00EE2349 /* CLLocationCoordinate2D.swift */; };
		DDDB444C29F8AAA600EE2349 /* Color.swift in Sources */ = {isa = PBXBuildFile; fileRef = DDDB444B29F8AAA600EE2349 /* Color.swift */; };
		DDDB444E29F8AB0E00EE2349 /* Int.swift in Sources */ = {isa = PBXBuildFile; fileRef = DDDB444D29F8AB0E00EE2349 /* Int.swift */; };
		DDDB445029F8AC9C00EE2349 /* UIImage.swift in Sources */ = {isa = PBXBuildFile; fileRef = DDDB444F29F8AC9C00EE2349 /* UIImage.swift */; };
		DDDB445229F8ACF900EE2349 /* Date.swift in Sources */ = {isa = PBXBuildFile; fileRef = DDDB445129F8ACF900EE2349 /* Date.swift */; };
		DDDB445429F8AD1600EE2349 /* Data.swift in Sources */ = {isa = PBXBuildFile; fileRef = DDDB445329F8AD1600EE2349 /* Data.swift */; };
		DDDBC87B2BC62E4E001E8DF7 /* Settings.bundle in Resources */ = {isa = PBXBuildFile; fileRef = DDDBC87A2BC62E4E001E8DF7 /* Settings.bundle */; };
		DDE0F7C5295F77B700B8AAB3 /* AppSettingsEnums.swift in Sources */ = {isa = PBXBuildFile; fileRef = DDE0F7C4295F77B700B8AAB3 /* AppSettingsEnums.swift */; };
		DDF45C342BC1A48E005ED5F2 /* MQTTChannelIcon.swift in Sources */ = {isa = PBXBuildFile; fileRef = DDF45C332BC1A48E005ED5F2 /* MQTTChannelIcon.swift */; };
		DDF45C372BC46A5A005ED5F2 /* TimeZone.swift in Sources */ = {isa = PBXBuildFile; fileRef = DDF45C362BC46A5A005ED5F2 /* TimeZone.swift */; };
		DDF924CA26FBB953009FE055 /* ConnectedDevice.swift in Sources */ = {isa = PBXBuildFile; fileRef = DDF924C926FBB953009FE055 /* ConnectedDevice.swift */; };
		DDFFA7472B3A7F3C004730DB /* Bundle.swift in Sources */ = {isa = PBXBuildFile; fileRef = DDFFA7462B3A7F3C004730DB /* Bundle.swift */; };
/* End PBXBuildFile section */

/* Begin PBXCopyFilesBuildPhase section */
		DDDE5A0829AF163F00490C6C /* Embed Foundation Extensions */ = {
			isa = PBXCopyFilesBuildPhase;
			buildActionMask = 2147483647;
			dstPath = "";
			dstSubfolderSpec = 13;
			files = (
			);
			name = "Embed Foundation Extensions";
			runOnlyForDeploymentPostprocessing = 0;
		};
/* End PBXCopyFilesBuildPhase section */

/* Begin PBXFileReference section */
		08DD7E502C41B0BA00548159 /* AppState.swift */ = {isa = PBXFileReference; lastKnownFileType = sourcecode.swift; path = AppState.swift; sourceTree = "<group>"; };
		08DD7E522C41CBBD00548159 /* Localizable.xcstrings */ = {isa = PBXFileReference; fileEncoding = 4; lastKnownFileType = text.json.xcstrings; path = Localizable.xcstrings; sourceTree = "<group>"; };
		08DD7E542C41D63800548159 /* AppConstants.swift */ = {isa = PBXFileReference; lastKnownFileType = sourcecode.swift; path = AppConstants.swift; sourceTree = "<group>"; };
		08DD7E5C2C42833200548159 /* LoRaSignalStrength.swift */ = {isa = PBXFileReference; lastKnownFileType = sourcecode.swift; path = LoRaSignalStrength.swift; sourceTree = "<group>"; };
		08DD7E5E2C4283A100548159 /* LoRaSignal.swift */ = {isa = PBXFileReference; lastKnownFileType = sourcecode.swift; path = LoRaSignal.swift; sourceTree = "<group>"; };
		08DD7E622C42D8B300548159 /* MQTTConnectionIcon.swift */ = {isa = PBXFileReference; lastKnownFileType = sourcecode.swift; path = MQTTConnectionIcon.swift; sourceTree = "<group>"; };
		6D825E612C34786C008DBEE4 /* CommonRegex.swift */ = {isa = PBXFileReference; lastKnownFileType = sourcecode.swift; path = CommonRegex.swift; sourceTree = "<group>"; };
		6DA39D8D2A92DC52007E311C /* MeowtasticAppDelegate.swift */ = {isa = PBXFileReference; lastKnownFileType = sourcecode.swift; path = MeowtasticAppDelegate.swift; sourceTree = "<group>"; };
		6DEDA55B2A9592F900321D2E /* MessageEntityExtension.swift */ = {isa = PBXFileReference; lastKnownFileType = sourcecode.swift; path = MessageEntityExtension.swift; sourceTree = "<group>"; };
		B266DA8F2C53CEFB0067D317 /* Constants.swift */ = {isa = PBXFileReference; lastKnownFileType = sourcecode.swift; path = Constants.swift; sourceTree = "<group>"; };
		B266DA942C53CFD30067D317 /* MeshtasticDataModelV13.xcdatamodel */ = {isa = PBXFileReference; lastKnownFileType = wrapper.xcdatamodel; path = MeshtasticDataModelV13.xcdatamodel; sourceTree = "<group>"; };
		B266DA952C53CFD30067D317 /* MeshtasticDataModelV 24.xcdatamodel */ = {isa = PBXFileReference; lastKnownFileType = wrapper.xcdatamodel; path = "MeshtasticDataModelV 24.xcdatamodel"; sourceTree = "<group>"; };
		B266DA962C53CFD30067D317 /* MeshtasticDataModelV 38.xcdatamodel */ = {isa = PBXFileReference; lastKnownFileType = wrapper.xcdatamodel; path = "MeshtasticDataModelV 38.xcdatamodel"; sourceTree = "<group>"; };
		B266DA972C53CFD30067D317 /* MeshtasticDataModelV21.xcdatamodel */ = {isa = PBXFileReference; lastKnownFileType = wrapper.xcdatamodel; path = MeshtasticDataModelV21.xcdatamodel; sourceTree = "<group>"; };
		B266DA982C53CFD30067D317 /* MeshtasticDataModelV2.xcdatamodel */ = {isa = PBXFileReference; lastKnownFileType = wrapper.xcdatamodel; path = MeshtasticDataModelV2.xcdatamodel; sourceTree = "<group>"; };
		B266DA992C53CFD30067D317 /* MeshtasticDataModelV 31.xcdatamodel */ = {isa = PBXFileReference; lastKnownFileType = wrapper.xcdatamodel; path = "MeshtasticDataModelV 31.xcdatamodel"; sourceTree = "<group>"; };
		B266DA9A2C53CFD30067D317 /* MeshtasticDataModelV 28.xcdatamodel */ = {isa = PBXFileReference; lastKnownFileType = wrapper.xcdatamodel; path = "MeshtasticDataModelV 28.xcdatamodel"; sourceTree = "<group>"; };
		B266DA9B2C53CFD30067D317 /* MeshtasticDataModelV7.xcdatamodel */ = {isa = PBXFileReference; lastKnownFileType = wrapper.xcdatamodel; path = MeshtasticDataModelV7.xcdatamodel; sourceTree = "<group>"; };
		B266DA9C2C53CFD30067D317 /* MeshtasticDataModelV 34.xcdatamodel */ = {isa = PBXFileReference; lastKnownFileType = wrapper.xcdatamodel; path = "MeshtasticDataModelV 34.xcdatamodel"; sourceTree = "<group>"; };
		B266DA9D2C53CFD30067D317 /* MeshtasticDataModelV16.xcdatamodel */ = {isa = PBXFileReference; lastKnownFileType = wrapper.xcdatamodel; path = MeshtasticDataModelV16.xcdatamodel; sourceTree = "<group>"; };
		B266DA9E2C53CFD30067D317 /* MeshtasticDataModel.xcdatamodel */ = {isa = PBXFileReference; lastKnownFileType = wrapper.xcdatamodel; path = MeshtasticDataModel.xcdatamodel; sourceTree = "<group>"; };
		B266DA9F2C53CFD30067D317 /* MeshtasticDataModelV15.xcdatamodel */ = {isa = PBXFileReference; lastKnownFileType = wrapper.xcdatamodel; path = MeshtasticDataModelV15.xcdatamodel; sourceTree = "<group>"; };
		B266DAA02C53CFD30067D317 /* MeshtasticDataModelV 37.xcdatamodel */ = {isa = PBXFileReference; lastKnownFileType = wrapper.xcdatamodel; path = "MeshtasticDataModelV 37.xcdatamodel"; sourceTree = "<group>"; };
		B266DAA12C53CFD30067D317 /* MeshtasticDataModelV32.xcdatamodel */ = {isa = PBXFileReference; lastKnownFileType = wrapper.xcdatamodel; path = MeshtasticDataModelV32.xcdatamodel; sourceTree = "<group>"; };
		B266DAA22C53CFD30067D317 /* MeshtasticDataModelV4.xcdatamodel */ = {isa = PBXFileReference; lastKnownFileType = wrapper.xcdatamodel; path = MeshtasticDataModelV4.xcdatamodel; sourceTree = "<group>"; };
		B266DAA32C53CFD30067D317 /* MeshtasticDataModelV19.xcdatamodel */ = {isa = PBXFileReference; lastKnownFileType = wrapper.xcdatamodel; path = MeshtasticDataModelV19.xcdatamodel; sourceTree = "<group>"; };
		B266DAA42C53CFD30067D317 /* MeshtasticDataModelV22.xcdatamodel */ = {isa = PBXFileReference; lastKnownFileType = wrapper.xcdatamodel; path = MeshtasticDataModelV22.xcdatamodel; sourceTree = "<group>"; };
		B266DAA52C53CFD30067D317 /* MeshtasticDataModelV10.xcdatamodel */ = {isa = PBXFileReference; lastKnownFileType = wrapper.xcdatamodel; path = MeshtasticDataModelV10.xcdatamodel; sourceTree = "<group>"; };
		B266DAA62C53CFD30067D317 /* MeshtasticDataModelV 27.xcdatamodel */ = {isa = PBXFileReference; lastKnownFileType = wrapper.xcdatamodel; path = "MeshtasticDataModelV 27.xcdatamodel"; sourceTree = "<group>"; };
		B266DAA72C53CFD30067D317 /* MeshtasticDataModelV8.xcdatamodel */ = {isa = PBXFileReference; lastKnownFileType = wrapper.xcdatamodel; path = MeshtasticDataModelV8.xcdatamodel; sourceTree = "<group>"; };
		B266DAA82C53CFD30067D317 /* MeshtasticDataModelV17.xcdatamodel */ = {isa = PBXFileReference; lastKnownFileType = wrapper.xcdatamodel; path = MeshtasticDataModelV17.xcdatamodel; sourceTree = "<group>"; };
		B266DAA92C53CFD30067D317 /* MeshtasticDataModelV 35.xcdatamodel */ = {isa = PBXFileReference; lastKnownFileType = wrapper.xcdatamodel; path = "MeshtasticDataModelV 35.xcdatamodel"; sourceTree = "<group>"; };
		B266DAAA2C53CFD30067D317 /* MeshtasticDataModelV 29.xcdatamodel */ = {isa = PBXFileReference; lastKnownFileType = wrapper.xcdatamodel; path = "MeshtasticDataModelV 29.xcdatamodel"; sourceTree = "<group>"; };
		B266DAAB2C53CFD30067D317 /* MeshtasticDataModelV6.xcdatamodel */ = {isa = PBXFileReference; lastKnownFileType = wrapper.xcdatamodel; path = MeshtasticDataModelV6.xcdatamodel; sourceTree = "<group>"; };
		B266DAAC2C53CFD30067D317 /* MeshtasticDataModelV 30.xcdatamodel */ = {isa = PBXFileReference; lastKnownFileType = wrapper.xcdatamodel; path = "MeshtasticDataModelV 30.xcdatamodel"; sourceTree = "<group>"; };
		B266DAAD2C53CFD30067D317 /* MeshtasticDataModelV 40.xcdatamodel */ = {isa = PBXFileReference; lastKnownFileType = wrapper.xcdatamodel; path = "MeshtasticDataModelV 40.xcdatamodel"; sourceTree = "<group>"; };
		B266DAAE2C53CFD30067D317 /* MeshtasticDataModelV3.xcdatamodel */ = {isa = PBXFileReference; lastKnownFileType = wrapper.xcdatamodel; path = MeshtasticDataModelV3.xcdatamodel; sourceTree = "<group>"; };
		B266DAAF2C53CFD30067D317 /* MeshtasticDataModelV 39.xcdatamodel */ = {isa = PBXFileReference; lastKnownFileType = wrapper.xcdatamodel; path = "MeshtasticDataModelV 39.xcdatamodel"; sourceTree = "<group>"; };
		B266DAB02C53CFD30067D317 /* MeshtasticDataModelV20.xcdatamodel */ = {isa = PBXFileReference; lastKnownFileType = wrapper.xcdatamodel; path = MeshtasticDataModelV20.xcdatamodel; sourceTree = "<group>"; };
		B266DAB12C53CFD30067D317 /* MeshtasticDataModelV 25.xcdatamodel */ = {isa = PBXFileReference; lastKnownFileType = wrapper.xcdatamodel; path = "MeshtasticDataModelV 25.xcdatamodel"; sourceTree = "<group>"; };
		B266DAB22C53CFD30067D317 /* MeshtasticDataModelV12.xcdatamodel */ = {isa = PBXFileReference; lastKnownFileType = wrapper.xcdatamodel; path = MeshtasticDataModelV12.xcdatamodel; sourceTree = "<group>"; };
		B266DAB32C53CFD30067D317 /* MeshtasticDataModelV 26.xcdatamodel */ = {isa = PBXFileReference; lastKnownFileType = wrapper.xcdatamodel; path = "MeshtasticDataModelV 26.xcdatamodel"; sourceTree = "<group>"; };
		B266DAB42C53CFD30067D317 /* MeshtasticDataModelV11.xcdatamodel */ = {isa = PBXFileReference; lastKnownFileType = wrapper.xcdatamodel; path = MeshtasticDataModelV11.xcdatamodel; sourceTree = "<group>"; };
		B266DAB52C53CFD30067D317 /* MeshtasticDataModelV9.xcdatamodel */ = {isa = PBXFileReference; lastKnownFileType = wrapper.xcdatamodel; path = MeshtasticDataModelV9.xcdatamodel; sourceTree = "<group>"; };
		B266DAB62C53CFD30067D317 /* MeshtasticDataModelV18.xcdatamodel */ = {isa = PBXFileReference; lastKnownFileType = wrapper.xcdatamodel; path = MeshtasticDataModelV18.xcdatamodel; sourceTree = "<group>"; };
		B266DAB72C53CFD30067D317 /* MeshtasticDataModelV5.xcdatamodel */ = {isa = PBXFileReference; lastKnownFileType = wrapper.xcdatamodel; path = MeshtasticDataModelV5.xcdatamodel; sourceTree = "<group>"; };
		B266DAB82C53CFD30067D317 /* MeshtasticDataModelV33.xcdatamodel */ = {isa = PBXFileReference; lastKnownFileType = wrapper.xcdatamodel; path = MeshtasticDataModelV33.xcdatamodel; sourceTree = "<group>"; };
		B266DAB92C53CFD30067D317 /* MeshtasticDataModelV 36.xcdatamodel */ = {isa = PBXFileReference; lastKnownFileType = wrapper.xcdatamodel; path = "MeshtasticDataModelV 36.xcdatamodel"; sourceTree = "<group>"; };
		B266DABA2C53CFD30067D317 /* MeshtasticDataModelV14.xcdatamodel */ = {isa = PBXFileReference; lastKnownFileType = wrapper.xcdatamodel; path = MeshtasticDataModelV14.xcdatamodel; sourceTree = "<group>"; };
		B266DABB2C53CFD30067D317 /* MeshtasticDataModelV 23.xcdatamodel */ = {isa = PBXFileReference; lastKnownFileType = wrapper.xcdatamodel; path = "MeshtasticDataModelV 23.xcdatamodel"; sourceTree = "<group>"; };
		B2A5F2DA2C5668FD009457AB /* ClientHistoryButton.swift */ = {isa = PBXFileReference; fileEncoding = 4; lastKnownFileType = sourcecode.swift; path = ClientHistoryButton.swift; sourceTree = "<group>"; };
		B2A5F2DB2C5668FD009457AB /* DeleteNodeButton.swift */ = {isa = PBXFileReference; fileEncoding = 4; lastKnownFileType = sourcecode.swift; path = DeleteNodeButton.swift; sourceTree = "<group>"; };
		B2A5F2DC2C5668FD009457AB /* ExchangePositionsButton.swift */ = {isa = PBXFileReference; fileEncoding = 4; lastKnownFileType = sourcecode.swift; path = ExchangePositionsButton.swift; sourceTree = "<group>"; };
		B2A5F2DD2C5668FD009457AB /* FavoriteNodeButton.swift */ = {isa = PBXFileReference; fileEncoding = 4; lastKnownFileType = sourcecode.swift; path = FavoriteNodeButton.swift; sourceTree = "<group>"; };
		B2A5F2DE2C5668FD009457AB /* NodeAlertsButton.swift */ = {isa = PBXFileReference; fileEncoding = 4; lastKnownFileType = sourcecode.swift; path = NodeAlertsButton.swift; sourceTree = "<group>"; };
		B2A5F2E12C5668FD009457AB /* BLEManager+Extensions.swift */ = {isa = PBXFileReference; fileEncoding = 4; lastKnownFileType = sourcecode.swift; path = "BLEManager+Extensions.swift"; sourceTree = "<group>"; };
		B2A5F2E22C5668FD009457AB /* NodeDetail.swift */ = {isa = PBXFileReference; fileEncoding = 4; lastKnownFileType = sourcecode.swift; path = NodeDetail.swift; sourceTree = "<group>"; };
		B2A5F2E32C5668FD009457AB /* NodeIconListView.swift */ = {isa = PBXFileReference; fileEncoding = 4; lastKnownFileType = sourcecode.swift; path = NodeIconListView.swift; sourceTree = "<group>"; };
		B2A5F2E52C5668FD009457AB /* NodeInfoEntity+Extensions.swift */ = {isa = PBXFileReference; fileEncoding = 4; lastKnownFileType = sourcecode.swift; path = "NodeInfoEntity+Extensions.swift"; sourceTree = "<group>"; };
		B2A5F2E62C5668FD009457AB /* NodeInfoView.swift */ = {isa = PBXFileReference; fileEncoding = 4; lastKnownFileType = sourcecode.swift; path = NodeInfoView.swift; sourceTree = "<group>"; };
		B2A5F2E82C5668FD009457AB /* NodeListItem.swift */ = {isa = PBXFileReference; fileEncoding = 4; lastKnownFileType = sourcecode.swift; path = NodeListItem.swift; sourceTree = "<group>"; };
		B2A5F2EA2C5668FD009457AB /* MeshMapContent.swift */ = {isa = PBXFileReference; fileEncoding = 4; lastKnownFileType = sourcecode.swift; path = MeshMapContent.swift; sourceTree = "<group>"; };
		B2A5F2EB2C5668FD009457AB /* NodeMapContent.swift */ = {isa = PBXFileReference; fileEncoding = 4; lastKnownFileType = sourcecode.swift; path = NodeMapContent.swift; sourceTree = "<group>"; };
		B2A5F2ED2C5668FD009457AB /* AltitudeHistoryView.swift */ = {isa = PBXFileReference; fileEncoding = 4; lastKnownFileType = sourcecode.swift; path = AltitudeHistoryView.swift; sourceTree = "<group>"; };
		B2A5F2EE2C5668FD009457AB /* MapSettingsForm.swift */ = {isa = PBXFileReference; fileEncoding = 4; lastKnownFileType = sourcecode.swift; path = MapSettingsForm.swift; sourceTree = "<group>"; };
		B2A5F2EF2C5668FD009457AB /* NodeMap.swift */ = {isa = PBXFileReference; fileEncoding = 4; lastKnownFileType = sourcecode.swift; path = NodeMap.swift; sourceTree = "<group>"; };
		B2A5F2F02C5668FD009457AB /* SimpleNodeMap.swift */ = {isa = PBXFileReference; fileEncoding = 4; lastKnownFileType = sourcecode.swift; path = SimpleNodeMap.swift; sourceTree = "<group>"; };
		B2A5F2F52C5668FD009457AB /* MeshMap.swift */ = {isa = PBXFileReference; fileEncoding = 4; lastKnownFileType = sourcecode.swift; path = MeshMap.swift; sourceTree = "<group>"; };
		B2A5F2F62C5668FD009457AB /* NodeList.swift */ = {isa = PBXFileReference; fileEncoding = 4; lastKnownFileType = sourcecode.swift; path = NodeList.swift; sourceTree = "<group>"; };
		B2A5F31B2C566D98009457AB /* TraceRoute.swift */ = {isa = PBXFileReference; fileEncoding = 4; lastKnownFileType = sourcecode.swift; path = TraceRoute.swift; sourceTree = "<group>"; };
		B399E8A32B6F486400E4488E /* RetryButton.swift */ = {isa = PBXFileReference; lastKnownFileType = sourcecode.swift; path = RetryButton.swift; sourceTree = "<group>"; };
		B3E905B02B71F7F300654D07 /* TextMessageField.swift */ = {isa = PBXFileReference; lastKnownFileType = sourcecode.swift; path = TextMessageField.swift; sourceTree = "<group>"; };
		D93068D22B8129510066FBC8 /* MessageContextMenuItems.swift */ = {isa = PBXFileReference; lastKnownFileType = sourcecode.swift; path = MessageContextMenuItems.swift; sourceTree = "<group>"; };
		D93068D42B812B700066FBC8 /* MessageDestination.swift */ = {isa = PBXFileReference; lastKnownFileType = sourcecode.swift; path = MessageDestination.swift; sourceTree = "<group>"; };
		D93068D62B8146690066FBC8 /* MessageView.swift */ = {isa = PBXFileReference; lastKnownFileType = sourcecode.swift; path = MessageView.swift; sourceTree = "<group>"; };
		D93068D82B81509C0066FBC8 /* TapbackResponses.swift */ = {isa = PBXFileReference; lastKnownFileType = sourcecode.swift; path = TapbackResponses.swift; sourceTree = "<group>"; };
		D93068DA2B81C85E0066FBC8 /* PowerConfig.swift */ = {isa = PBXFileReference; lastKnownFileType = sourcecode.swift; path = PowerConfig.swift; sourceTree = "<group>"; };
		D93068DC2B81CA820066FBC8 /* ConfigHeader.swift */ = {isa = PBXFileReference; lastKnownFileType = sourcecode.swift; path = ConfigHeader.swift; sourceTree = "<group>"; };
		D93069072B81DF040066FBC8 /* SaveConfigButton.swift */ = {isa = PBXFileReference; lastKnownFileType = sourcecode.swift; path = SaveConfigButton.swift; sourceTree = "<group>"; };
		D9C9839F2B79D0E800BDBE6A /* AlertButton.swift */ = {isa = PBXFileReference; lastKnownFileType = sourcecode.swift; path = AlertButton.swift; sourceTree = "<group>"; };
		D9C983A12B79D1A600BDBE6A /* RequestPositionButton.swift */ = {isa = PBXFileReference; lastKnownFileType = sourcecode.swift; path = RequestPositionButton.swift; sourceTree = "<group>"; };
		DD007BAD2AA4E91200F5FA12 /* MyInfoEntityExtension.swift */ = {isa = PBXFileReference; lastKnownFileType = sourcecode.swift; path = MyInfoEntityExtension.swift; sourceTree = "<group>"; };
		DD007BAF2AA5981000F5FA12 /* NodeInfoEntityExtension.swift */ = {isa = PBXFileReference; lastKnownFileType = sourcecode.swift; path = NodeInfoEntityExtension.swift; sourceTree = "<group>"; };
		DD0E21002B8A6BC500F2D100 /* DeviceHardware.json */ = {isa = PBXFileReference; lastKnownFileType = text.json; path = DeviceHardware.json; sourceTree = "<group>"; };
		DD1925B628CDA5A400720036 /* CannedMessagesConfigEnums.swift */ = {isa = PBXFileReference; lastKnownFileType = sourcecode.swift; path = CannedMessagesConfigEnums.swift; sourceTree = "<group>"; };
		DD1925B828CDA93900720036 /* SerialConfigEnums.swift */ = {isa = PBXFileReference; lastKnownFileType = sourcecode.swift; path = SerialConfigEnums.swift; sourceTree = "<group>"; };
		DD1933772B084F4200771CD5 /* Measurement.swift */ = {isa = PBXFileReference; lastKnownFileType = sourcecode.swift; path = Measurement.swift; sourceTree = "<group>"; };
		DD1BF2F82776FE2E008C8D2F /* UserMessageList.swift */ = {isa = PBXFileReference; lastKnownFileType = sourcecode.swift; path = UserMessageList.swift; sourceTree = "<group>"; };
		DD2160AE28C5552500C17253 /* MQTTConfig.swift */ = {isa = PBXFileReference; lastKnownFileType = sourcecode.swift; path = MQTTConfig.swift; sourceTree = "<group>"; };
		DD23A50E26FD1B4400D9B90C /* PeripheralModel.swift */ = {isa = PBXFileReference; lastKnownFileType = sourcecode.swift; path = PeripheralModel.swift; sourceTree = "<group>"; };
		DD2553562855B02500E55709 /* LoRaConfig.swift */ = {isa = PBXFileReference; lastKnownFileType = sourcecode.swift; path = LoRaConfig.swift; sourceTree = "<group>"; };
		DD2553582855B52700E55709 /* PositionConfig.swift */ = {isa = PBXFileReference; lastKnownFileType = sourcecode.swift; path = PositionConfig.swift; sourceTree = "<group>"; };
		DD268D8D2BCC90E2008073AE /* RouteEnums.swift */ = {isa = PBXFileReference; lastKnownFileType = sourcecode.swift; path = RouteEnums.swift; sourceTree = "<group>"; };
		DD33DB612B3D27C7003E1EA0 /* FirmwareApi.swift */ = {isa = PBXFileReference; lastKnownFileType = sourcecode.swift; path = FirmwareApi.swift; sourceTree = "<group>"; };
		DD3501882852FC3B000FC853 /* Settings.swift */ = {isa = PBXFileReference; lastKnownFileType = sourcecode.swift; path = Settings.swift; sourceTree = "<group>"; };
		DD3619142B1EF9F900C41C8C /* LocationsHandler.swift */ = {isa = PBXFileReference; lastKnownFileType = sourcecode.swift; path = LocationsHandler.swift; sourceTree = "<group>"; };
		DD3CC6BD28E4CD9800FA9159 /* BatteryGaugeView.swift */ = {isa = PBXFileReference; lastKnownFileType = sourcecode.swift; path = BatteryGaugeView.swift; sourceTree = "<group>"; };
		DD3CC6BF28E7A60700FA9159 /* MessagingEnums.swift */ = {isa = PBXFileReference; lastKnownFileType = sourcecode.swift; path = MessagingEnums.swift; sourceTree = "<group>"; };
		DD3CC6C128EB9D4900FA9159 /* UpdateCoreData.swift */ = {isa = PBXFileReference; lastKnownFileType = sourcecode.swift; path = UpdateCoreData.swift; sourceTree = "<group>"; };
		DD41582528582E9B009B0E59 /* DeviceConfig.swift */ = {isa = PBXFileReference; lastKnownFileType = sourcecode.swift; path = DeviceConfig.swift; sourceTree = "<group>"; };
		DD41A61C29AE7E8E003C5A37 /* WidgetKit.framework */ = {isa = PBXFileReference; lastKnownFileType = wrapper.framework; name = WidgetKit.framework; path = System/Library/Frameworks/WidgetKit.framework; sourceTree = SDKROOT; };
		DD41A61E29AE7E8F003C5A37 /* SwiftUI.framework */ = {isa = PBXFileReference; lastKnownFileType = wrapper.framework; name = SwiftUI.framework; path = System/Library/Frameworks/SwiftUI.framework; sourceTree = SDKROOT; };
		DD457187293C7E63000C49FB /* BLESignalStrengthIndicator.swift */ = {isa = PBXFileReference; lastKnownFileType = sourcecode.swift; path = BLESignalStrengthIndicator.swift; sourceTree = "<group>"; };
		DD47E3D526F17ED900029299 /* Avatar.swift */ = {isa = PBXFileReference; lastKnownFileType = sourcecode.swift; path = Avatar.swift; sourceTree = "<group>"; };
		DD4A911D2708C65400501B7E /* AppSettings.swift */ = {isa = PBXFileReference; lastKnownFileType = sourcecode.swift; path = AppSettings.swift; sourceTree = "<group>"; };
		DD5394FD276BA0EF00AD86B1 /* PositionEntityExtension.swift */ = {isa = PBXFileReference; lastKnownFileType = sourcecode.swift; path = PositionEntityExtension.swift; sourceTree = "<group>"; };
		DD58C5F12919AD3C00D5BEFB /* ChannelEntityExtension.swift */ = {isa = PBXFileReference; lastKnownFileType = sourcecode.swift; path = ChannelEntityExtension.swift; sourceTree = "<group>"; };
		DD5D0A9B2931B9F200F7EA61 /* EthernetModes.swift */ = {isa = PBXFileReference; lastKnownFileType = sourcecode.swift; path = EthernetModes.swift; sourceTree = "<group>"; };
		DD77093E2AA1B146007A8BF0 /* UIColor.swift */ = {isa = PBXFileReference; lastKnownFileType = sourcecode.swift; path = UIColor.swift; sourceTree = "<group>"; };
		DD798B062915928D005217CD /* ChannelMessageList.swift */ = {isa = PBXFileReference; lastKnownFileType = sourcecode.swift; path = ChannelMessageList.swift; sourceTree = "<group>"; };
		DD8169F8271F1A6100F4AB02 /* MeshLogger.swift */ = {isa = PBXFileReference; lastKnownFileType = sourcecode.swift; path = MeshLogger.swift; sourceTree = "<group>"; };
		DD836AE626F6B38600ABCC23 /* Connect.swift */ = {isa = PBXFileReference; lastKnownFileType = sourcecode.swift; path = Connect.swift; sourceTree = "<group>"; };
		DD86D409287F04F100BAEB7A /* InvalidVersion.swift */ = {isa = PBXFileReference; lastKnownFileType = sourcecode.swift; path = InvalidVersion.swift; sourceTree = "<group>"; };
		DD8EBF42285058FA00426DCA /* DisplayConfig.swift */ = {isa = PBXFileReference; lastKnownFileType = sourcecode.swift; path = DisplayConfig.swift; sourceTree = "<group>"; };
		DD8ED9C42898D51F00B3B0AB /* NetworkConfig.swift */ = {isa = PBXFileReference; lastKnownFileType = sourcecode.swift; path = NetworkConfig.swift; sourceTree = "<group>"; };
		DD8ED9C7289CE4B900B3B0AB /* RoutingError.swift */ = {isa = PBXFileReference; lastKnownFileType = sourcecode.swift; path = RoutingError.swift; sourceTree = "<group>"; };
		DD90860A26F645B700DC5189 /* Meowtastic.entitlements */ = {isa = PBXFileReference; lastKnownFileType = text.plist.entitlements; path = Meowtastic.entitlements; sourceTree = "<group>"; };
		DD913638270DFF4C00D7ACF3 /* LocalNotificationManager.swift */ = {isa = PBXFileReference; lastKnownFileType = sourcecode.swift; path = LocalNotificationManager.swift; sourceTree = "<group>"; };
		DD93800D2BA74D0C008BEC06 /* ChannelForm.swift */ = {isa = PBXFileReference; lastKnownFileType = sourcecode.swift; path = ChannelForm.swift; sourceTree = "<group>"; };
		DD964FBC296E6B01007C176F /* EmojiOnlyTextField.swift */ = {isa = PBXFileReference; lastKnownFileType = sourcecode.swift; path = EmojiOnlyTextField.swift; sourceTree = "<group>"; };
		DD964FC1297272AE007C176F /* WaypointEntityExtension.swift */ = {isa = PBXFileReference; lastKnownFileType = sourcecode.swift; path = WaypointEntityExtension.swift; sourceTree = "<group>"; };
		DD964FC52975DBFD007C176F /* QueryCoreData.swift */ = {isa = PBXFileReference; lastKnownFileType = sourcecode.swift; path = QueryCoreData.swift; sourceTree = "<group>"; };
		DD97E96528EFD9820056DDA4 /* MeshtasticLogo.swift */ = {isa = PBXFileReference; lastKnownFileType = sourcecode.swift; path = MeshtasticLogo.swift; sourceTree = "<group>"; };
		DD97E96728EFE9A00056DDA4 /* About.swift */ = {isa = PBXFileReference; lastKnownFileType = sourcecode.swift; path = About.swift; sourceTree = "<group>"; };
		DD994B68295F88B60013760A /* IntervalEnums.swift */ = {isa = PBXFileReference; lastKnownFileType = sourcecode.swift; path = IntervalEnums.swift; sourceTree = "<group>"; };
		DDA0B6B1294CDC55001356EC /* Channels.swift */ = {isa = PBXFileReference; lastKnownFileType = sourcecode.swift; path = Channels.swift; sourceTree = "<group>"; };
		DDA1C48D28DB49D3009933EC /* ChannelRoles.swift */ = {isa = PBXFileReference; lastKnownFileType = sourcecode.swift; path = ChannelRoles.swift; sourceTree = "<group>"; };
		DDA6B2E828419CF2003E8C16 /* MeshPackets.swift */ = {isa = PBXFileReference; lastKnownFileType = sourcecode.swift; path = MeshPackets.swift; sourceTree = "<group>"; };
		DDA951592BC6624100CEA535 /* TelemetryWeather.swift */ = {isa = PBXFileReference; fileEncoding = 4; lastKnownFileType = sourcecode.swift; path = TelemetryWeather.swift; sourceTree = "<group>"; };
		DDA9515B2BC6631200CEA535 /* TelemetryEnums.swift */ = {isa = PBXFileReference; lastKnownFileType = sourcecode.swift; path = TelemetryEnums.swift; sourceTree = "<group>"; };
		DDAB580E2B0DAFBC00147258 /* LocationEntityExtension.swift */ = {isa = PBXFileReference; lastKnownFileType = sourcecode.swift; path = LocationEntityExtension.swift; sourceTree = "<group>"; };
		DDAF8C5226EB1DF10058C060 /* BLEManager.swift */ = {isa = PBXFileReference; lastKnownFileType = sourcecode.swift; path = BLEManager.swift; sourceTree = "<group>"; };
		DDB6ABD528AE742000384BA1 /* BluetoothConfig.swift */ = {isa = PBXFileReference; lastKnownFileType = sourcecode.swift; path = BluetoothConfig.swift; sourceTree = "<group>"; };
		DDB6ABD828B0A4BA00384BA1 /* BluetoothModes.swift */ = {isa = PBXFileReference; lastKnownFileType = sourcecode.swift; path = BluetoothModes.swift; sourceTree = "<group>"; };
		DDB6ABDA28B0AC6000384BA1 /* DistanceText.swift */ = {isa = PBXFileReference; lastKnownFileType = sourcecode.swift; path = DistanceText.swift; sourceTree = "<group>"; };
		DDB6ABDF28B13AC700384BA1 /* DeviceEnums.swift */ = {isa = PBXFileReference; lastKnownFileType = sourcecode.swift; path = DeviceEnums.swift; sourceTree = "<group>"; };
		DDB6ABE128B13FB500384BA1 /* PositionConfigEnums.swift */ = {isa = PBXFileReference; lastKnownFileType = sourcecode.swift; path = PositionConfigEnums.swift; sourceTree = "<group>"; };
		DDB6ABE328B13FFF00384BA1 /* DisplayEnums.swift */ = {isa = PBXFileReference; lastKnownFileType = sourcecode.swift; path = DisplayEnums.swift; sourceTree = "<group>"; };
		DDB6ABE528B1406100384BA1 /* LoraConfigEnums.swift */ = {isa = PBXFileReference; lastKnownFileType = sourcecode.swift; path = LoraConfigEnums.swift; sourceTree = "<group>"; };
		DDB75A0E2A05920E006ED576 /* FileManager.swift */ = {isa = PBXFileReference; lastKnownFileType = sourcecode.swift; path = FileManager.swift; sourceTree = "<group>"; };
		DDB75A102A059258006ED576 /* Url.swift */ = {isa = PBXFileReference; lastKnownFileType = sourcecode.swift; path = Url.swift; sourceTree = "<group>"; };
		DDB75A192A05EB67006ED576 /* alpha.png */ = {isa = PBXFileReference; lastKnownFileType = image.png; path = alpha.png; sourceTree = "<group>"; };
		DDB75A1D2A0B0CD0006ED576 /* LoRaSignalView.swift */ = {isa = PBXFileReference; lastKnownFileType = sourcecode.swift; path = LoRaSignalView.swift; sourceTree = "<group>"; };
		DDB75A202A12B954006ED576 /* LoRaSignalMeterView.swift */ = {isa = PBXFileReference; lastKnownFileType = sourcecode.swift; path = LoRaSignalMeterView.swift; sourceTree = "<group>"; };
		DDB75A222A13CDA9006ED576 /* BatteryLevelCompact.swift */ = {isa = PBXFileReference; lastKnownFileType = sourcecode.swift; path = BatteryLevelCompact.swift; sourceTree = "<group>"; };
		DDB8F40F2A9EE5B400230ECE /* Messages.swift */ = {isa = PBXFileReference; lastKnownFileType = sourcecode.swift; path = Messages.swift; sourceTree = "<group>"; };
		DDC2E15426CE248E0042C5E4 /* Meowtastic.app */ = {isa = PBXFileReference; explicitFileType = wrapper.application; includeInIndex = 0; path = Meowtastic.app; sourceTree = BUILT_PRODUCTS_DIR; };
		DDC2E15726CE248E0042C5E4 /* MeowtasticApp.swift */ = {isa = PBXFileReference; lastKnownFileType = sourcecode.swift; path = MeowtasticApp.swift; sourceTree = "<group>"; };
		DDC2E15B26CE248F0042C5E4 /* Assets.xcassets */ = {isa = PBXFileReference; lastKnownFileType = folder.assetcatalog; path = Assets.xcassets; sourceTree = "<group>"; };
		DDC2E15E26CE248F0042C5E4 /* Preview Assets.xcassets */ = {isa = PBXFileReference; lastKnownFileType = folder.assetcatalog; path = "Preview Assets.xcassets"; sourceTree = "<group>"; };
		DDC2E16526CE248F0042C5E4 /* Info.plist */ = {isa = PBXFileReference; lastKnownFileType = text.plist.xml; path = Info.plist; sourceTree = "<group>"; };
		DDC2E18E26CE25FE0042C5E4 /* ContentView.swift */ = {isa = PBXFileReference; lastKnownFileType = sourcecode.swift; path = ContentView.swift; sourceTree = "<group>"; };
		DDC2E1A626CEB3400042C5E4 /* LocationHelper.swift */ = {isa = PBXFileReference; lastKnownFileType = sourcecode.swift; path = LocationHelper.swift; sourceTree = "<group>"; };
		DDC3B273283F411B00AC321C /* LastHeardText.swift */ = {isa = PBXFileReference; lastKnownFileType = sourcecode.swift; path = LastHeardText.swift; sourceTree = "<group>"; };
		DDC4D567275499A500A4208E /* Persistence.swift */ = {isa = PBXFileReference; fileEncoding = 4; lastKnownFileType = sourcecode.swift; path = Persistence.swift; sourceTree = "<group>"; };
		DDCE4E2B2869F92900BE9F8F /* UserConfig.swift */ = {isa = PBXFileReference; lastKnownFileType = sourcecode.swift; path = UserConfig.swift; sourceTree = "<group>"; };
		DDD43FE22A78C8900083A3E9 /* MqttClientProxyManager.swift */ = {isa = PBXFileReference; lastKnownFileType = sourcecode.swift; path = MqttClientProxyManager.swift; sourceTree = "<group>"; };
		DDD5BB0C2C285F00007E03CA /* Logger.swift */ = {isa = PBXFileReference; lastKnownFileType = sourcecode.swift; path = Logger.swift; sourceTree = "<group>"; };
		DDD5BB172C2F9C36007E03CA /* OSLogEntryLog.swift */ = {isa = PBXFileReference; lastKnownFileType = sourcecode.swift; path = OSLogEntryLog.swift; sourceTree = "<group>"; };
		DDD9E4E3284B208E003777C5 /* UserEntityExtension.swift */ = {isa = PBXFileReference; lastKnownFileType = sourcecode.swift; path = UserEntityExtension.swift; sourceTree = "<group>"; };
		DDDB443F29F79AB000EE2349 /* UserDefaults.swift */ = {isa = PBXFileReference; lastKnownFileType = sourcecode.swift; path = UserDefaults.swift; sourceTree = "<group>"; };
		DDDB444129F8A88700EE2349 /* Double.swift */ = {isa = PBXFileReference; lastKnownFileType = sourcecode.swift; path = Double.swift; sourceTree = "<group>"; };
		DDDB444329F8A8DD00EE2349 /* Float.swift */ = {isa = PBXFileReference; lastKnownFileType = sourcecode.swift; path = Float.swift; sourceTree = "<group>"; };
		DDDB444529F8A96500EE2349 /* Character.swift */ = {isa = PBXFileReference; lastKnownFileType = sourcecode.swift; path = Character.swift; sourceTree = "<group>"; };
		DDDB444729F8A9C900EE2349 /* String.swift */ = {isa = PBXFileReference; lastKnownFileType = sourcecode.swift; path = String.swift; sourceTree = "<group>"; };
		DDDB444929F8AA3A00EE2349 /* CLLocationCoordinate2D.swift */ = {isa = PBXFileReference; lastKnownFileType = sourcecode.swift; path = CLLocationCoordinate2D.swift; sourceTree = "<group>"; };
		DDDB444B29F8AAA600EE2349 /* Color.swift */ = {isa = PBXFileReference; lastKnownFileType = sourcecode.swift; path = Color.swift; sourceTree = "<group>"; };
		DDDB444D29F8AB0E00EE2349 /* Int.swift */ = {isa = PBXFileReference; lastKnownFileType = sourcecode.swift; path = Int.swift; sourceTree = "<group>"; };
		DDDB444F29F8AC9C00EE2349 /* UIImage.swift */ = {isa = PBXFileReference; lastKnownFileType = sourcecode.swift; path = UIImage.swift; sourceTree = "<group>"; };
		DDDB445129F8ACF900EE2349 /* Date.swift */ = {isa = PBXFileReference; lastKnownFileType = sourcecode.swift; path = Date.swift; sourceTree = "<group>"; };
		DDDB445329F8AD1600EE2349 /* Data.swift */ = {isa = PBXFileReference; lastKnownFileType = sourcecode.swift; path = Data.swift; sourceTree = "<group>"; };
		DDDBC87A2BC62E4E001E8DF7 /* Settings.bundle */ = {isa = PBXFileReference; lastKnownFileType = "wrapper.plug-in"; path = Settings.bundle; sourceTree = "<group>"; };
		DDE0F7C4295F77B700B8AAB3 /* AppSettingsEnums.swift */ = {isa = PBXFileReference; lastKnownFileType = sourcecode.swift; path = AppSettingsEnums.swift; sourceTree = "<group>"; };
		DDE5B4052B227E3200FCDD05 /* TraceRouteEntityExtension.swift */ = {isa = PBXFileReference; lastKnownFileType = sourcecode.swift; path = TraceRouteEntityExtension.swift; sourceTree = "<group>"; };
		DDF45C332BC1A48E005ED5F2 /* MQTTChannelIcon.swift */ = {isa = PBXFileReference; fileEncoding = 4; lastKnownFileType = sourcecode.swift; path = MQTTChannelIcon.swift; sourceTree = "<group>"; };
		DDF45C362BC46A5A005ED5F2 /* TimeZone.swift */ = {isa = PBXFileReference; lastKnownFileType = sourcecode.swift; path = TimeZone.swift; sourceTree = "<group>"; };
		DDF924C926FBB953009FE055 /* ConnectedDevice.swift */ = {isa = PBXFileReference; lastKnownFileType = sourcecode.swift; path = ConnectedDevice.swift; sourceTree = "<group>"; };
		DDFFA7462B3A7F3C004730DB /* Bundle.swift */ = {isa = PBXFileReference; lastKnownFileType = sourcecode.swift; path = Bundle.swift; sourceTree = "<group>"; };
/* End PBXFileReference section */

/* Begin PBXFrameworksBuildPhase section */
		DDC2E15126CE248E0042C5E4 /* Frameworks */ = {
			isa = PBXFrameworksBuildPhase;
			buildActionMask = 2147483647;
			files = (
				25A978BA2C13F8ED0003AAE7 /* MeshtasticProtobufs in Frameworks */,
				C9697FA527933B8C00250207 /* SQLite in Frameworks */,
				DD0D3D222A55CEB10066DB71 /* CocoaMQTT in Frameworks */,
			);
			runOnlyForDeploymentPostprocessing = 0;
		};
/* End PBXFrameworksBuildPhase section */

/* Begin PBXGroup section */
		08DD7E4D2C41AC8F00548159 /* Supporting Files */ = {
			isa = PBXGroup;
			children = (
				08DD7E522C41CBBD00548159 /* Localizable.xcstrings */,
				DDB75A192A05EB67006ED576 /* alpha.png */,
				DDC2E15B26CE248F0042C5E4 /* Assets.xcassets */,
				DD0E21002B8A6BC500F2D100 /* DeviceHardware.json */,
				DDC2E16526CE248F0042C5E4 /* Info.plist */,
				DD90860A26F645B700DC5189 /* Meowtastic.entitlements */,
				B266DA932C53CFD30067D317 /* Meowtastic.xcdatamodeld */,
				DDDBC87A2BC62E4E001E8DF7 /* Settings.bundle */,
			);
			path = "Supporting Files";
			sourceTree = "<group>";
		};
		B233CA082C5662C200CBD7EF /* Circles Of Hell */ = {
			isa = PBXGroup;
			children = (
				DDC2E18826CE24EE0042C5E4 /* Model */,
				DDC4D5662754996200A4208E /* Persistence */,
				DDD43FE12A78C86B0083A3E9 /* MQTT */,
				DDAF8C5226EB1DF10058C060 /* BLEManager.swift */,
				DDA6B2E828419CF2003E8C16 /* MeshPackets.swift */,
			);
			path = "Circles Of Hell";
			sourceTree = "<group>";
		};
		B2A5F2E02C5668FD009457AB /* Actions */ = {
			isa = PBXGroup;
			children = (
				B2A5F2DA2C5668FD009457AB /* ClientHistoryButton.swift */,
				B2A5F2DB2C5668FD009457AB /* DeleteNodeButton.swift */,
				B2A5F2DC2C5668FD009457AB /* ExchangePositionsButton.swift */,
				B2A5F2DD2C5668FD009457AB /* FavoriteNodeButton.swift */,
				B2A5F2DE2C5668FD009457AB /* NodeAlertsButton.swift */,
			);
			path = Actions;
			sourceTree = "<group>";
		};
		B2A5F2EC2C5668FD009457AB /* MapContent */ = {
			isa = PBXGroup;
			children = (
				B2A5F2EA2C5668FD009457AB /* MeshMapContent.swift */,
				B2A5F2EB2C5668FD009457AB /* NodeMapContent.swift */,
			);
			path = MapContent;
			sourceTree = "<group>";
		};
		B2A5F2F12C5668FD009457AB /* Map */ = {
			isa = PBXGroup;
			children = (
				B2A5F2EC2C5668FD009457AB /* MapContent */,
				B2A5F2ED2C5668FD009457AB /* AltitudeHistoryView.swift */,
				B2A5F2EE2C5668FD009457AB /* MapSettingsForm.swift */,
				B2A5F2EF2C5668FD009457AB /* NodeMap.swift */,
				B2A5F2F02C5668FD009457AB /* SimpleNodeMap.swift */,
			);
			path = Map;
			sourceTree = "<group>";
		};
		B2A5F2FB2C5668FD009457AB /* Nodes */ = {
			isa = PBXGroup;
			children = (
				B2A5F31A2C566B69009457AB /* List */,
				B2A5F2F12C5668FD009457AB /* Map */,
				B2A5F2F52C5668FD009457AB /* MeshMap.swift */,
				B2A5F2E22C5668FD009457AB /* NodeDetail.swift */,
				B2A5F2F62C5668FD009457AB /* NodeList.swift */,
				B2A5F31B2C566D98009457AB /* TraceRoute.swift */,
			);
			path = Nodes;
			sourceTree = "<group>";
		};
		B2A5F3192C566B25009457AB /* App */ = {
			isa = PBXGroup;
			children = (
				DD97E96728EFE9A00056DDA4 /* About.swift */,
				DD4A911D2708C65400501B7E /* AppSettings.swift */,
			);
			path = App;
			sourceTree = "<group>";
		};
		B2A5F31A2C566B69009457AB /* List */ = {
			isa = PBXGroup;
			children = (
				B2A5F2E32C5668FD009457AB /* NodeIconListView.swift */,
				B2A5F2E62C5668FD009457AB /* NodeInfoView.swift */,
				B2A5F2E82C5668FD009457AB /* NodeListItem.swift */,
			);
			path = List;
			sourceTree = "<group>";
		};
		B2A5F31D2C567F06009457AB /* App */ = {
			isa = PBXGroup;
			children = (
				DDC2E15726CE248E0042C5E4 /* MeowtasticApp.swift */,
				6DA39D8D2A92DC52007E311C /* MeowtasticAppDelegate.swift */,
				08DD7E502C41B0BA00548159 /* AppState.swift */,
				08DD7E542C41D63800548159 /* AppConstants.swift */,
			);
			path = App;
			sourceTree = "<group>";
		};
		D9C9839E2B79D0C600BDBE6A /* TextMessageField */ = {
			isa = PBXGroup;
			children = (
				B3E905B02B71F7F300654D07 /* TextMessageField.swift */,
				D9C9839F2B79D0E800BDBE6A /* AlertButton.swift */,
				D9C983A12B79D1A600BDBE6A /* RequestPositionButton.swift */,
			);
			path = TextMessageField;
			sourceTree = "<group>";
		};
		DD007BB12AA59B9A00F5FA12 /* CoreData */ = {
			isa = PBXGroup;
			children = (
				DD58C5F12919AD3C00D5BEFB /* ChannelEntityExtension.swift */,
				6DEDA55B2A9592F900321D2E /* MessageEntityExtension.swift */,
				DD007BAD2AA4E91200F5FA12 /* MyInfoEntityExtension.swift */,
				DD007BAF2AA5981000F5FA12 /* NodeInfoEntityExtension.swift */,
				DD5394FD276BA0EF00AD86B1 /* PositionEntityExtension.swift */,
				DDD9E4E3284B208E003777C5 /* UserEntityExtension.swift */,
				DD964FC1297272AE007C176F /* WaypointEntityExtension.swift */,
				DDAB580E2B0DAFBC00147258 /* LocationEntityExtension.swift */,
				DDE5B4052B227E3200FCDD05 /* TraceRouteEntityExtension.swift */,
			);
			path = CoreData;
			sourceTree = "<group>";
		};
		DD47E3D726F2F21A00029299 /* Connection */ = {
			isa = PBXGroup;
			children = (
				DD836AE626F6B38600ABCC23 /* Connect.swift */,
				DD86D409287F04F100BAEB7A /* InvalidVersion.swift */,
			);
			path = Connection;
			sourceTree = "<group>";
		};
		DD4A911C2708C57100501B7E /* Settings */ = {
			isa = PBXGroup;
			children = (
				B2A5F3192C566B25009457AB /* App */,
				DD3501882852FC3B000FC853 /* Settings.swift */,
				DD61937A2863876A00E59241 /* Node */,
			);
			path = Settings;
			sourceTree = "<group>";
		};
		DD61937A2863876A00E59241 /* Node */ = {
			isa = PBXGroup;
			children = (
				DD93800C2BA74CE3008BEC06 /* Channels */,
				DDCE4E2B2869F92900BE9F8F /* UserConfig.swift */,
				DD2160AE28C5552500C17253 /* MQTTConfig.swift */,
				D93068DC2B81CA820066FBC8 /* ConfigHeader.swift */,
				D93069072B81DF040066FBC8 /* SaveConfigButton.swift */,
				DDB6ABD528AE742000384BA1 /* BluetoothConfig.swift */,
				DD41582528582E9B009B0E59 /* DeviceConfig.swift */,
				DD8EBF42285058FA00426DCA /* DisplayConfig.swift */,
				DD2553562855B02500E55709 /* LoRaConfig.swift */,
				DD2553582855B52700E55709 /* PositionConfig.swift */,
				DD8ED9C42898D51F00B3B0AB /* NetworkConfig.swift */,
				D93068DA2B81C85E0066FBC8 /* PowerConfig.swift */,
			);
			path = Node;
			sourceTree = "<group>";
		};
		DD8ED9C6289CE4A100B3B0AB /* Enums */ = {
			isa = PBXGroup;
			children = (
				DDA951592BC6624100CEA535 /* TelemetryWeather.swift */,
				DDE0F7C4295F77B700B8AAB3 /* AppSettingsEnums.swift */,
				DDB6ABD828B0A4BA00384BA1 /* BluetoothModes.swift */,
				DD1925B628CDA5A400720036 /* CannedMessagesConfigEnums.swift */,
				DDA1C48D28DB49D3009933EC /* ChannelRoles.swift */,
				DDB6ABDF28B13AC700384BA1 /* DeviceEnums.swift */,
				DDB6ABE328B13FFF00384BA1 /* DisplayEnums.swift */,
				DD5D0A9B2931B9F200F7EA61 /* EthernetModes.swift */,
				DDB6ABE528B1406100384BA1 /* LoraConfigEnums.swift */,
				DD3CC6BF28E7A60700FA9159 /* MessagingEnums.swift */,
				DDB6ABE128B13FB500384BA1 /* PositionConfigEnums.swift */,
				DD268D8D2BCC90E2008073AE /* RouteEnums.swift */,
				DD8ED9C7289CE4B900B3B0AB /* RoutingError.swift */,
				DD1925B828CDA93900720036 /* SerialConfigEnums.swift */,
				DD994B68295F88B60013760A /* IntervalEnums.swift */,
				D93068D42B812B700066FBC8 /* MessageDestination.swift */,
				DDA9515B2BC6631200CEA535 /* TelemetryEnums.swift */,
			);
			path = Enums;
			sourceTree = "<group>";
		};
		DD8EDE9226F97A2B00A5A10B /* Frameworks */ = {
			isa = PBXGroup;
			children = (
				DD41A61C29AE7E8E003C5A37 /* WidgetKit.framework */,
				DD41A61E29AE7E8F003C5A37 /* SwiftUI.framework */,
			);
			name = Frameworks;
			sourceTree = "<group>";
		};
		DD93800C2BA74CE3008BEC06 /* Channels */ = {
			isa = PBXGroup;
			children = (
				DDA0B6B1294CDC55001356EC /* Channels.swift */,
				DD93800D2BA74D0C008BEC06 /* ChannelForm.swift */,
			);
			path = Channels;
			sourceTree = "<group>";
		};
		DDC2E14B26CE248E0042C5E4 = {
			isa = PBXGroup;
			children = (
				DDC2E15626CE248E0042C5E4 /* Meowtastic */,
				DDC2E15526CE248E0042C5E4 /* Products */,
				DD8EDE9226F97A2B00A5A10B /* Frameworks */,
			);
			sourceTree = "<group>";
			usesTabs = 1;
		};
		DDC2E15526CE248E0042C5E4 /* Products */ = {
			isa = PBXGroup;
			children = (
				DDC2E15426CE248E0042C5E4 /* Meowtastic.app */,
			);
			name = Products;
			sourceTree = "<group>";
		};
		DDC2E15626CE248E0042C5E4 /* Meowtastic */ = {
			isa = PBXGroup;
			children = (
				B2A5F31D2C567F06009457AB /* App */,
				B233CA082C5662C200CBD7EF /* Circles Of Hell */,
				DDC2E15D26CE248F0042C5E4 /* Preview Content */,
				08DD7E4D2C41AC8F00548159 /* Supporting Files */,
				DDC2E18726CE24E40042C5E4 /* UI */,
				DDC2E1A526CEB32B0042C5E4 /* Utils */,
			);
			path = Meowtastic;
			sourceTree = "<group>";
		};
		DDC2E15D26CE248F0042C5E4 /* Preview Content */ = {
			isa = PBXGroup;
			children = (
				DDC2E15E26CE248F0042C5E4 /* Preview Assets.xcassets */,
			);
			path = "Preview Content";
			sourceTree = "<group>";
		};
		DDC2E18726CE24E40042C5E4 /* UI */ = {
			isa = PBXGroup;
			children = (
				DD3CC6BD28E4CD9800FA9159 /* BatteryGaugeView.swift */,
				DDB75A222A13CDA9006ED576 /* BatteryLevelCompact.swift */,
				DD457187293C7E63000C49FB /* BLESignalStrengthIndicator.swift */,
				DD47E3D526F17ED900029299 /* Avatar.swift */,
				DDF924C926FBB953009FE055 /* ConnectedDevice.swift */,
				DDB6ABDA28B0AC6000384BA1 /* DistanceText.swift */,
				DDC3B273283F411B00AC321C /* LastHeardText.swift */,
				DDB75A202A12B954006ED576 /* LoRaSignalMeterView.swift */,
				DDB75A1D2A0B0CD0006ED576 /* LoRaSignalView.swift */,
				DD97E96528EFD9820056DDA4 /* MeshtasticLogo.swift */,
				DDF45C332BC1A48E005ED5F2 /* MQTTChannelIcon.swift */,
				08DD7E5C2C42833200548159 /* LoRaSignalStrength.swift */,
				08DD7E5E2C4283A100548159 /* LoRaSignal.swift */,
				08DD7E622C42D8B300548159 /* MQTTConnectionIcon.swift */,
				B2A5F2E52C5668FD009457AB /* NodeInfoEntity+Extensions.swift */,
				B2A5F2E02C5668FD009457AB /* Actions */,
				DD47E3D726F2F21A00029299 /* Connection */,
				DDC2E18E26CE25FE0042C5E4 /* ContentView.swift */,
				DDC2E18B26CE25A70042C5E4 /* Messages */,
				B2A5F2FB2C5668FD009457AB /* Nodes */,
				DD4A911C2708C57100501B7E /* Settings */,
			);
			path = UI;
			sourceTree = "<group>";
		};
		DDC2E18826CE24EE0042C5E4 /* Model */ = {
			isa = PBXGroup;
			children = (
				DD23A50E26FD1B4400D9B90C /* PeripheralModel.swift */,
			);
			path = Model;
			sourceTree = "<group>";
		};
		DDC2E18B26CE25A70042C5E4 /* Messages */ = {
			isa = PBXGroup;
			children = (
				D9C9839E2B79D0C600BDBE6A /* TextMessageField */,
				DD798B062915928D005217CD /* ChannelMessageList.swift */,
				DDB8F40F2A9EE5B400230ECE /* Messages.swift */,
				DD1BF2F82776FE2E008C8D2F /* UserMessageList.swift */,
				B399E8A32B6F486400E4488E /* RetryButton.swift */,
				D93068D62B8146690066FBC8 /* MessageView.swift */,
				D93068D22B8129510066FBC8 /* MessageContextMenuItems.swift */,
				D93068D82B81509C0066FBC8 /* TapbackResponses.swift */,
			);
			path = Messages;
			sourceTree = "<group>";
		};
		DDC2E1A526CEB32B0042C5E4 /* Utils */ = {
			isa = PBXGroup;
			children = (
				DD8ED9C6289CE4A100B3B0AB /* Enums */,
				DDDB443E29F79A9400EE2349 /* Extensions */,
				DD33DB612B3D27C7003E1EA0 /* FirmwareApi.swift */,
				DDC2E1A626CEB3400042C5E4 /* LocationHelper.swift */,
				DD913638270DFF4C00D7ACF3 /* LocalNotificationManager.swift */,
				DD8169F8271F1A6100F4AB02 /* MeshLogger.swift */,
				DD964FBC296E6B01007C176F /* EmojiOnlyTextField.swift */,
				DD3619142B1EF9F900C41C8C /* LocationsHandler.swift */,
				6D825E612C34786C008DBEE4 /* CommonRegex.swift */,
			);
			path = Utils;
			sourceTree = "<group>";
		};
		DDC4D5662754996200A4208E /* Persistence */ = {
			isa = PBXGroup;
			children = (
				DDC4D567275499A500A4208E /* Persistence.swift */,
				DD964FC52975DBFD007C176F /* QueryCoreData.swift */,
				DD3CC6C128EB9D4900FA9159 /* UpdateCoreData.swift */,
			);
			path = Persistence;
			sourceTree = "<group>";
		};
		DDD43FE12A78C86B0083A3E9 /* MQTT */ = {
			isa = PBXGroup;
			children = (
				DDD43FE22A78C8900083A3E9 /* MqttClientProxyManager.swift */,
			);
			path = MQTT;
			sourceTree = "<group>";
		};
		DDDB443E29F79A9400EE2349 /* Extensions */ = {
			isa = PBXGroup;
			children = (
				B2A5F2E12C5668FD009457AB /* BLEManager+Extensions.swift */,
				DD007BB12AA59B9A00F5FA12 /* CoreData */,
				DDFFA7462B3A7F3C004730DB /* Bundle.swift */,
				DDDB444529F8A96500EE2349 /* Character.swift */,
				DDDB444929F8AA3A00EE2349 /* CLLocationCoordinate2D.swift */,
				DDDB444B29F8AAA600EE2349 /* Color.swift */,
				DDDB445329F8AD1600EE2349 /* Data.swift */,
				DDDB445129F8ACF900EE2349 /* Date.swift */,
				DDDB444129F8A88700EE2349 /* Double.swift */,
				DDDB444329F8A8DD00EE2349 /* Float.swift */,
				DDDB444D29F8AB0E00EE2349 /* Int.swift */,
				DDDB444729F8A9C900EE2349 /* String.swift */,
				DD77093E2AA1B146007A8BF0 /* UIColor.swift */,
				DDDB444F29F8AC9C00EE2349 /* UIImage.swift */,
				DDDB443F29F79AB000EE2349 /* UserDefaults.swift */,
				DDB75A0E2A05920E006ED576 /* FileManager.swift */,
				DDB75A102A059258006ED576 /* Url.swift */,
				DD1933772B084F4200771CD5 /* Measurement.swift */,
				DDD5BB172C2F9C36007E03CA /* OSLogEntryLog.swift */,
				DDF45C362BC46A5A005ED5F2 /* TimeZone.swift */,
				DDD5BB0C2C285F00007E03CA /* Logger.swift */,
				B266DA8F2C53CEFB0067D317 /* Constants.swift */,
			);
			path = Extensions;
			sourceTree = "<group>";
		};
/* End PBXGroup section */

/* Begin PBXNativeTarget section */
		DDC2E15326CE248E0042C5E4 /* Meowtastic */ = {
			isa = PBXNativeTarget;
			buildConfigurationList = DDC2E17E26CE248F0042C5E4 /* Build configuration list for PBXNativeTarget "Meowtastic" */;
			buildPhases = (
				BB450974275599CE00509624 /* ShellScript */,
				DDC2E15026CE248E0042C5E4 /* Sources */,
				DDC2E15126CE248E0042C5E4 /* Frameworks */,
				DDC2E15226CE248E0042C5E4 /* Resources */,
				DDDE5A0829AF163F00490C6C /* Embed Foundation Extensions */,
			);
			buildRules = (
			);
			dependencies = (
			);
			name = Meowtastic;
			packageProductDependencies = (
				C9697FA427933B8C00250207 /* SQLite */,
				DD0D3D212A55CEB10066DB71 /* CocoaMQTT */,
				25A978B92C13F8ED0003AAE7 /* MeshtasticProtobufs */,
			);
			productName = MeshtasticClient;
			productReference = DDC2E15426CE248E0042C5E4 /* Meowtastic.app */;
			productType = "com.apple.product-type.application";
		};
/* End PBXNativeTarget section */

/* Begin PBXProject section */
		DDC2E14C26CE248E0042C5E4 /* Project object */ = {
			isa = PBXProject;
			attributes = {
				BuildIndependentTargetsInParallel = YES;
				LastSwiftUpdateCheck = 1420;
				LastUpgradeCheck = 1540;
				TargetAttributes = {
					DDC2E15326CE248E0042C5E4 = {
						CreatedOnToolsVersion = 12.5.1;
						LastSwiftMigration = 1340;
					};
				};
			};
			buildConfigurationList = DDC2E14F26CE248E0042C5E4 /* Build configuration list for PBXProject "Meowtastic" */;
			compatibilityVersion = "Xcode 13.0";
			developmentRegion = en;
			hasScannedForEncodings = 0;
			knownRegions = (
				en,
			);
			mainGroup = DDC2E14B26CE248E0042C5E4;
			packageReferences = (
				C9697FA327933B8C00250207 /* XCRemoteSwiftPackageReference "SQLite.swift" */,
				DD0D3D202A55CEB10066DB71 /* XCRemoteSwiftPackageReference "CocoaMQTT" */,
				25A978B82C13F8ED0003AAE7 /* XCLocalSwiftPackageReference "MeshtasticProtobufs" */,
				259792242C2F10B600AD1659 /* XCRemoteSwiftPackageReference "swift-protobuf" */,
			);
			productRefGroup = DDC2E15526CE248E0042C5E4 /* Products */;
			projectDirPath = "";
			projectRoot = "";
			targets = (
				DDC2E15326CE248E0042C5E4 /* Meowtastic */,
			);
		};
/* End PBXProject section */

/* Begin PBXResourcesBuildPhase section */
		DDC2E15226CE248E0042C5E4 /* Resources */ = {
			isa = PBXResourcesBuildPhase;
			buildActionMask = 2147483647;
			files = (
				DDC2E15F26CE248F0042C5E4 /* Preview Assets.xcassets in Resources */,
				DDB75A1A2A05EB67006ED576 /* alpha.png in Resources */,
				08DD7E532C41CBBD00548159 /* Localizable.xcstrings in Resources */,
				DDC2E15C26CE248F0042C5E4 /* Assets.xcassets in Resources */,
				DD0E21012B8A6F1300F2D100 /* DeviceHardware.json in Resources */,
				DDDBC87B2BC62E4E001E8DF7 /* Settings.bundle in Resources */,
			);
			runOnlyForDeploymentPostprocessing = 0;
		};
/* End PBXResourcesBuildPhase section */

/* Begin PBXShellScriptBuildPhase section */
		BB450974275599CE00509624 /* ShellScript */ = {
			isa = PBXShellScriptBuildPhase;
			alwaysOutOfDate = 1;
			buildActionMask = 2147483647;
			files = (
			);
			inputFileListPaths = (
			);
			inputPaths = (
			);
			outputFileListPaths = (
			);
			outputPaths = (
			);
			runOnlyForDeploymentPostprocessing = 0;
			shellPath = /bin/sh;
			shellScript = "if [[ \"$(uname -m)\" == arm64 ]]\nthen\n    export PATH=\"/opt/homebrew/bin:$PATH\"\nfi\n\nif command -v swiftlint >/dev/null 2>&1\nthen\n    swiftlint\nelse\n    echo \"warning: `swiftlint` command not found - See https://github.com/realm/SwiftLint#installation for installation instructions.\"\nfi\n";
		};
/* End PBXShellScriptBuildPhase section */

/* Begin PBXSourcesBuildPhase section */
		DDC2E15026CE248E0042C5E4 /* Sources */ = {
			isa = PBXSourcesBuildPhase;
			buildActionMask = 2147483647;
			files = (
				25F26B1E2C2F610D00C9CD9D /* Logger.swift in Sources */,
				259792252C2F114500AD1659 /* ChannelEntityExtension.swift in Sources */,
				259792262C2F114500AD1659 /* PositionEntityExtension.swift in Sources */,
				B2A5F2FE2C5668FD009457AB /* ExchangePositionsButton.swift in Sources */,
				259792272C2F114500AD1659 /* TraceRouteEntityExtension.swift in Sources */,
				DDDB444829F8A9C900EE2349 /* String.swift in Sources */,
				DDFFA7472B3A7F3C004730DB /* Bundle.swift in Sources */,
				DD457188293C7E63000C49FB /* BLESignalStrengthIndicator.swift in Sources */,
				DDA9515C2BC6631200CEA535 /* TelemetryEnums.swift in Sources */,
				DD836AE726F6B38600ABCC23 /* Connect.swift in Sources */,
				D93069082B81DF040066FBC8 /* SaveConfigButton.swift in Sources */,
				DDD5BB182C2F9C36007E03CA /* OSLogEntryLog.swift in Sources */,
				DD3501892852FC3B000FC853 /* Settings.swift in Sources */,
				08DD7E5F2C4283A100548159 /* LoRaSignal.swift in Sources */,
				B266DABC2C53CFD40067D317 /* Meowtastic.xcdatamodeld in Sources */,
				DD5D0A9C2931B9F200F7EA61 /* EthernetModes.swift in Sources */,
				DD798B072915928D005217CD /* ChannelMessageList.swift in Sources */,
				DDC2E1A726CEB3400042C5E4 /* LocationHelper.swift in Sources */,
				6D825E622C34786C008DBEE4 /* CommonRegex.swift in Sources */,
				DD913639270DFF4C00D7ACF3 /* LocalNotificationManager.swift in Sources */,
				DDDB444C29F8AAA600EE2349 /* Color.swift in Sources */,
				B2A5F3142C5668FD009457AB /* NodeList.swift in Sources */,
				DDB75A0F2A05920E006ED576 /* FileManager.swift in Sources */,
				DD1933782B084F4200771CD5 /* Measurement.swift in Sources */,
				B2A5F3022C5668FD009457AB /* BLEManager+Extensions.swift in Sources */,
				DD93800E2BA74D0C008BEC06 /* ChannelForm.swift in Sources */,
				DDB6ABD628AE742000384BA1 /* BluetoothConfig.swift in Sources */,
				DDAF8C5326EB1DF10058C060 /* BLEManager.swift in Sources */,
				DDDB445229F8ACF900EE2349 /* Date.swift in Sources */,
				DDC4D568275499A500A4208E /* Persistence.swift in Sources */,
				DD964FBD296E6B01007C176F /* EmojiOnlyTextField.swift in Sources */,
				DDDB445429F8AD1600EE2349 /* Data.swift in Sources */,
				08DD7E552C41D63800548159 /* AppConstants.swift in Sources */,
				B2A5F3002C5668FD009457AB /* NodeAlertsButton.swift in Sources */,
				DDA0B6B2294CDC55001356EC /* Channels.swift in Sources */,
				B399E8A42B6F486400E4488E /* RetryButton.swift in Sources */,
				DDB8F4102A9EE5B400230ECE /* Messages.swift in Sources */,
				DD4A911E2708C65400501B7E /* AppSettings.swift in Sources */,
				DD2160AF28C5552500C17253 /* MQTTConfig.swift in Sources */,
				6DEDA55C2A9592F900321D2E /* MessageEntityExtension.swift in Sources */,
				DDDB444229F8A88700EE2349 /* Double.swift in Sources */,
				DDF45C342BC1A48E005ED5F2 /* MQTTChannelIcon.swift in Sources */,
				B2A5F30D2C5668FD009457AB /* MapSettingsForm.swift in Sources */,
				DDA9515A2BC6624100CEA535 /* TelemetryWeather.swift in Sources */,
				B2A5F3062C5668FD009457AB /* NodeInfoEntity+Extensions.swift in Sources */,
				DDB75A232A13CDA9006ED576 /* BatteryLevelCompact.swift in Sources */,
				B2A5F31C2C566D98009457AB /* TraceRoute.swift in Sources */,
				B2A5F3042C5668FD009457AB /* NodeIconListView.swift in Sources */,
				DDF924CA26FBB953009FE055 /* ConnectedDevice.swift in Sources */,
				B2A5F3032C5668FD009457AB /* NodeDetail.swift in Sources */,
				DD3CC6BE28E4CD9800FA9159 /* BatteryGaugeView.swift in Sources */,
				DD3619152B1EF9F900C41C8C /* LocationsHandler.swift in Sources */,
				DDDB444A29F8AA3A00EE2349 /* CLLocationCoordinate2D.swift in Sources */,
				DD41582628582E9B009B0E59 /* DeviceConfig.swift in Sources */,
				DDF45C372BC46A5A005ED5F2 /* TimeZone.swift in Sources */,
				B2A5F2FD2C5668FD009457AB /* DeleteNodeButton.swift in Sources */,
				DD007BAE2AA4E91200F5FA12 /* MyInfoEntityExtension.swift in Sources */,
				B2A5F3072C5668FD009457AB /* NodeInfoView.swift in Sources */,
				DD33DB622B3D27C7003E1EA0 /* FirmwareApi.swift in Sources */,
				DD1BF2F92776FE2E008C8D2F /* UserMessageList.swift in Sources */,
				08DD7E512C41B0BA00548159 /* AppState.swift in Sources */,
				DD3CC6C228EB9D4900FA9159 /* UpdateCoreData.swift in Sources */,
				DDE0F7C5295F77B700B8AAB3 /* AppSettingsEnums.swift in Sources */,
				DDB6ABE628B1406100384BA1 /* LoraConfigEnums.swift in Sources */,
				DDD43FE32A78C8900083A3E9 /* MqttClientProxyManager.swift in Sources */,
				DD007BB02AA5981000F5FA12 /* NodeInfoEntityExtension.swift in Sources */,
				DDDB444629F8A96500EE2349 /* Character.swift in Sources */,
				DD23A50F26FD1B4400D9B90C /* PeripheralModel.swift in Sources */,
				DDB6ABDB28B0AC6000384BA1 /* DistanceText.swift in Sources */,
				DD964FC2297272AE007C176F /* WaypointEntityExtension.swift in Sources */,
				6DA39D8E2A92DC52007E311C /* MeowtasticAppDelegate.swift in Sources */,
				D93068DB2B81C85E0066FBC8 /* PowerConfig.swift in Sources */,
				D93068D32B8129510066FBC8 /* MessageContextMenuItems.swift in Sources */,
				DD8EBF43285058FA00426DCA /* DisplayConfig.swift in Sources */,
				DD47E3D626F17ED900029299 /* Avatar.swift in Sources */,
				DDC2E18F26CE25FE0042C5E4 /* ContentView.swift in Sources */,
				08DD7E632C42D8B300548159 /* MQTTConnectionIcon.swift in Sources */,
				DD2553572855B02500E55709 /* LoRaConfig.swift in Sources */,
				DDB6ABD928B0A4BA00384BA1 /* BluetoothModes.swift in Sources */,
				DDD9E4E4284B208E003777C5 /* UserEntityExtension.swift in Sources */,
				DD2553592855B52700E55709 /* PositionConfig.swift in Sources */,
				DD97E96828EFE9A00056DDA4 /* About.swift in Sources */,
				DDDB444029F79AB000EE2349 /* UserDefaults.swift in Sources */,
				DDB6ABE028B13AC700384BA1 /* DeviceEnums.swift in Sources */,
				B2A5F3132C5668FD009457AB /* MeshMap.swift in Sources */,
				D93068DD2B81CA820066FBC8 /* ConfigHeader.swift in Sources */,
				DDA1C48E28DB49D3009933EC /* ChannelRoles.swift in Sources */,
				DD8ED9C8289CE4B900B3B0AB /* RoutingError.swift in Sources */,
				DD964FC62975DBFD007C176F /* QueryCoreData.swift in Sources */,
				DDB75A112A059258006ED576 /* Url.swift in Sources */,
				B2A5F30C2C5668FD009457AB /* AltitudeHistoryView.swift in Sources */,
				B2A5F2FC2C5668FD009457AB /* ClientHistoryButton.swift in Sources */,
				DD8ED9C52898D51F00B3B0AB /* NetworkConfig.swift in Sources */,
				DDC3B274283F411B00AC321C /* LastHeardText.swift in Sources */,
				DD1925B928CDA93900720036 /* SerialConfigEnums.swift in Sources */,
				D9C983A02B79D0E800BDBE6A /* AlertButton.swift in Sources */,
				DDDB445029F8AC9C00EE2349 /* UIImage.swift in Sources */,
				DDB75A1E2A0B0CD0006ED576 /* LoRaSignalView.swift in Sources */,
				B2A5F3092C5668FD009457AB /* NodeListItem.swift in Sources */,
				DDA6B2E928419CF2003E8C16 /* MeshPackets.swift in Sources */,
				DDCE4E2C2869F92900BE9F8F /* UserConfig.swift in Sources */,
				DDB75A212A12B954006ED576 /* LoRaSignalMeterView.swift in Sources */,
				B2A5F2FF2C5668FD009457AB /* FavoriteNodeButton.swift in Sources */,
				DD268D8E2BCC90E2008073AE /* RouteEnums.swift in Sources */,
				DDB6ABE428B13FFF00384BA1 /* DisplayEnums.swift in Sources */,
				D93068D92B81509C0066FBC8 /* TapbackResponses.swift in Sources */,
				DD86D40A287F04F100BAEB7A /* InvalidVersion.swift in Sources */,
				DDB6ABE228B13FB500384BA1 /* PositionConfigEnums.swift in Sources */,
				DD994B69295F88B60013760A /* IntervalEnums.swift in Sources */,
				B2A5F30F2C5668FD009457AB /* SimpleNodeMap.swift in Sources */,
				DD3CC6C028E7A60700FA9159 /* MessagingEnums.swift in Sources */,
				DD97E96628EFD9820056DDA4 /* MeshtasticLogo.swift in Sources */,
				B2A5F30B2C5668FD009457AB /* NodeMapContent.swift in Sources */,
				D93068D52B812B700066FBC8 /* MessageDestination.swift in Sources */,
				DDDB444E29F8AB0E00EE2349 /* Int.swift in Sources */,
				B266DA902C53CEFB0067D317 /* Constants.swift in Sources */,
				D9C983A22B79D1A600BDBE6A /* RequestPositionButton.swift in Sources */,
				B2A5F30E2C5668FD009457AB /* NodeMap.swift in Sources */,
				B2A5F30A2C5668FD009457AB /* MeshMapContent.swift in Sources */,
				DD77093F2AA1B146007A8BF0 /* UIColor.swift in Sources */,
				DD8169F9271F1A6100F4AB02 /* MeshLogger.swift in Sources */,
				08DD7E5D2C42833200548159 /* LoRaSignalStrength.swift in Sources */,
				DD1925B728CDA5A400720036 /* CannedMessagesConfigEnums.swift in Sources */,
				DDDB444429F8A8DD00EE2349 /* Float.swift in Sources */,
				DDAB580F2B0DAFBC00147258 /* LocationEntityExtension.swift in Sources */,
				B3E905B12B71F7F300654D07 /* TextMessageField.swift in Sources */,
				D93068D72B8146690066FBC8 /* MessageView.swift in Sources */,
				DDC2E15826CE248E0042C5E4 /* MeowtasticApp.swift in Sources */,
			);
			runOnlyForDeploymentPostprocessing = 0;
		};
/* End PBXSourcesBuildPhase section */

/* Begin XCBuildConfiguration section */
		DDC2E17C26CE248F0042C5E4 /* Debug */ = {
			isa = XCBuildConfiguration;
			buildSettings = {
				ALWAYS_SEARCH_USER_PATHS = NO;
				CLANG_ANALYZER_LOCALIZABILITY_NONLOCALIZED = YES;
				CLANG_ANALYZER_NONNULL = YES;
				CLANG_ANALYZER_NUMBER_OBJECT_CONVERSION = YES_AGGRESSIVE;
				CLANG_CXX_LANGUAGE_STANDARD = "gnu++14";
				CLANG_CXX_LIBRARY = "libc++";
				CLANG_ENABLE_MODULES = YES;
				CLANG_ENABLE_OBJC_ARC = YES;
				CLANG_ENABLE_OBJC_WEAK = YES;
				CLANG_WARN_BLOCK_CAPTURE_AUTORELEASING = YES;
				CLANG_WARN_BOOL_CONVERSION = YES;
				CLANG_WARN_COMMA = YES;
				CLANG_WARN_CONSTANT_CONVERSION = YES;
				CLANG_WARN_DEPRECATED_OBJC_IMPLEMENTATIONS = YES;
				CLANG_WARN_DIRECT_OBJC_ISA_USAGE = YES_ERROR;
				CLANG_WARN_DOCUMENTATION_COMMENTS = YES;
				CLANG_WARN_EMPTY_BODY = YES;
				CLANG_WARN_ENUM_CONVERSION = YES;
				CLANG_WARN_INFINITE_RECURSION = YES;
				CLANG_WARN_INT_CONVERSION = YES;
				CLANG_WARN_NON_LITERAL_NULL_CONVERSION = YES;
				CLANG_WARN_OBJC_IMPLICIT_RETAIN_SELF = YES;
				CLANG_WARN_OBJC_LITERAL_CONVERSION = YES;
				CLANG_WARN_OBJC_ROOT_CLASS = YES_ERROR;
				CLANG_WARN_QUOTED_INCLUDE_IN_FRAMEWORK_HEADER = YES;
				CLANG_WARN_RANGE_LOOP_ANALYSIS = YES;
				CLANG_WARN_STRICT_PROTOTYPES = YES;
				CLANG_WARN_SUSPICIOUS_MOVE = YES;
				CLANG_WARN_UNGUARDED_AVAILABILITY = YES_AGGRESSIVE;
				CLANG_WARN_UNREACHABLE_CODE = YES;
				CLANG_WARN__DUPLICATE_METHOD_MATCH = YES;
				COPY_PHASE_STRIP = NO;
				DEBUG_INFORMATION_FORMAT = dwarf;
				ENABLE_STRICT_OBJC_MSGSEND = YES;
				ENABLE_TESTABILITY = YES;
				ENABLE_USER_SCRIPT_SANDBOXING = NO;
				GCC_C_LANGUAGE_STANDARD = gnu11;
				GCC_DYNAMIC_NO_PIC = NO;
				GCC_NO_COMMON_BLOCKS = YES;
				GCC_OPTIMIZATION_LEVEL = 0;
				GCC_PREPROCESSOR_DEFINITIONS = (
					"DEBUG=1",
					"$(inherited)",
				);
				GCC_WARN_64_TO_32_BIT_CONVERSION = YES;
				GCC_WARN_ABOUT_RETURN_TYPE = YES_ERROR;
				GCC_WARN_UNDECLARED_SELECTOR = YES;
				GCC_WARN_UNINITIALIZED_AUTOS = YES_AGGRESSIVE;
				GCC_WARN_UNUSED_FUNCTION = YES;
				GCC_WARN_UNUSED_VARIABLE = YES;
				IPHONEOS_DEPLOYMENT_TARGET = 17.5;
				LOCALIZATION_PREFERS_STRING_CATALOGS = YES;
				MTL_ENABLE_DEBUG_INFO = INCLUDE_SOURCE;
				MTL_FAST_MATH = YES;
				ONLY_ACTIVE_ARCH = YES;
				SDKROOT = iphoneos;
				SWIFT_ACTIVE_COMPILATION_CONDITIONS = DEBUG;
				SWIFT_OPTIMIZATION_LEVEL = "-Onone";
			};
			name = Debug;
		};
		DDC2E17D26CE248F0042C5E4 /* Release */ = {
			isa = XCBuildConfiguration;
			buildSettings = {
				ALWAYS_SEARCH_USER_PATHS = NO;
				CLANG_ANALYZER_LOCALIZABILITY_NONLOCALIZED = YES;
				CLANG_ANALYZER_NONNULL = YES;
				CLANG_ANALYZER_NUMBER_OBJECT_CONVERSION = YES_AGGRESSIVE;
				CLANG_CXX_LANGUAGE_STANDARD = "gnu++14";
				CLANG_CXX_LIBRARY = "libc++";
				CLANG_ENABLE_MODULES = YES;
				CLANG_ENABLE_OBJC_ARC = YES;
				CLANG_ENABLE_OBJC_WEAK = YES;
				CLANG_WARN_BLOCK_CAPTURE_AUTORELEASING = YES;
				CLANG_WARN_BOOL_CONVERSION = YES;
				CLANG_WARN_COMMA = YES;
				CLANG_WARN_CONSTANT_CONVERSION = YES;
				CLANG_WARN_DEPRECATED_OBJC_IMPLEMENTATIONS = YES;
				CLANG_WARN_DIRECT_OBJC_ISA_USAGE = YES_ERROR;
				CLANG_WARN_DOCUMENTATION_COMMENTS = YES;
				CLANG_WARN_EMPTY_BODY = YES;
				CLANG_WARN_ENUM_CONVERSION = YES;
				CLANG_WARN_INFINITE_RECURSION = YES;
				CLANG_WARN_INT_CONVERSION = YES;
				CLANG_WARN_NON_LITERAL_NULL_CONVERSION = YES;
				CLANG_WARN_OBJC_IMPLICIT_RETAIN_SELF = YES;
				CLANG_WARN_OBJC_LITERAL_CONVERSION = YES;
				CLANG_WARN_OBJC_ROOT_CLASS = YES_ERROR;
				CLANG_WARN_QUOTED_INCLUDE_IN_FRAMEWORK_HEADER = YES;
				CLANG_WARN_RANGE_LOOP_ANALYSIS = YES;
				CLANG_WARN_STRICT_PROTOTYPES = YES;
				CLANG_WARN_SUSPICIOUS_MOVE = YES;
				CLANG_WARN_UNGUARDED_AVAILABILITY = YES_AGGRESSIVE;
				CLANG_WARN_UNREACHABLE_CODE = YES;
				CLANG_WARN__DUPLICATE_METHOD_MATCH = YES;
				COPY_PHASE_STRIP = NO;
				DEBUG_INFORMATION_FORMAT = "dwarf-with-dsym";
				ENABLE_NS_ASSERTIONS = NO;
				ENABLE_STRICT_OBJC_MSGSEND = YES;
				ENABLE_USER_SCRIPT_SANDBOXING = YES;
				GCC_C_LANGUAGE_STANDARD = gnu11;
				GCC_NO_COMMON_BLOCKS = YES;
				GCC_WARN_64_TO_32_BIT_CONVERSION = YES;
				GCC_WARN_ABOUT_RETURN_TYPE = YES_ERROR;
				GCC_WARN_UNDECLARED_SELECTOR = YES;
				GCC_WARN_UNINITIALIZED_AUTOS = YES_AGGRESSIVE;
				GCC_WARN_UNUSED_FUNCTION = YES;
				GCC_WARN_UNUSED_VARIABLE = YES;
				IPHONEOS_DEPLOYMENT_TARGET = 17.5;
				LOCALIZATION_PREFERS_STRING_CATALOGS = YES;
				MTL_ENABLE_DEBUG_INFO = NO;
				MTL_FAST_MATH = YES;
				ONLY_ACTIVE_ARCH = YES;
				SDKROOT = iphoneos;
				SWIFT_COMPILATION_MODE = wholemodule;
				SWIFT_OPTIMIZATION_LEVEL = "-O";
				VALIDATE_PRODUCT = YES;
			};
			name = Release;
		};
		DDC2E17F26CE248F0042C5E4 /* Debug */ = {
			isa = XCBuildConfiguration;
			buildSettings = {
				ALWAYS_EMBED_SWIFT_STANDARD_LIBRARIES = YES;
				ASSETCATALOG_COMPILER_APPICON_NAME = AppIcon;
				ASSETCATALOG_COMPILER_GLOBAL_ACCENT_COLOR_NAME = AccentColor;
				ASSETCATALOG_COMPILER_INCLUDE_ALL_APPICON_ASSETS = YES;
				CLANG_ENABLE_MODULES = YES;
				"CODE_SIGN_IDENTITY[sdk=macosx*]" = "Apple Development";
				CODE_SIGN_STYLE = Automatic;
				CURRENT_PROJECT_VERSION = 1;
				DEVELOPMENT_ASSET_PATHS = "\"Meowtastic/Preview Content\"";
				DEVELOPMENT_TEAM = 4W495F46Z6;
				ENABLE_PREVIEWS = YES;
				INFOPLIST_FILE = "Meowtastic/Supporting Files/Info.plist";
				INFOPLIST_KEY_CFBundleDisplayName = Meowtastic;
				INFOPLIST_KEY_LSApplicationCategoryType = "public.app-category.utilities";
				IPHONEOS_DEPLOYMENT_TARGET = 17.0;
				LD_RUNPATH_SEARCH_PATHS = (
					"$(inherited)",
					"@executable_path/Frameworks",
				);
				MARKETING_VERSION = 1.0.0;
				PRODUCT_BUNDLE_IDENTIFIER = c4t.dr34m.mobi.meowtastic;
				PRODUCT_NAME = "$(TARGET_NAME)";
				SUPPORTED_PLATFORMS = "iphoneos iphonesimulator";
				SUPPORTS_MACCATALYST = NO;
				SUPPORTS_MAC_DESIGNED_FOR_IPHONE_IPAD = NO;
				SUPPORTS_XR_DESIGNED_FOR_IPHONE_IPAD = NO;
				SWIFT_EMIT_LOC_STRINGS = YES;
				SWIFT_OPTIMIZATION_LEVEL = "-Onone";
				SWIFT_VERSION = 5.0;
				TARGETED_DEVICE_FAMILY = 1;
			};
			name = Debug;
		};
		DDC2E18026CE248F0042C5E4 /* Release */ = {
			isa = XCBuildConfiguration;
			buildSettings = {
				ALWAYS_EMBED_SWIFT_STANDARD_LIBRARIES = YES;
				ASSETCATALOG_COMPILER_APPICON_NAME = AppIcon;
				ASSETCATALOG_COMPILER_GLOBAL_ACCENT_COLOR_NAME = AccentColor;
				ASSETCATALOG_COMPILER_INCLUDE_ALL_APPICON_ASSETS = YES;
				CLANG_ENABLE_MODULES = YES;
				"CODE_SIGN_IDENTITY[sdk=macosx*]" = "Apple Development";
				CODE_SIGN_STYLE = Automatic;
				CURRENT_PROJECT_VERSION = 1;
				DEVELOPMENT_ASSET_PATHS = "\"Meowtastic/Preview Content\"";
				DEVELOPMENT_TEAM = 4W495F46Z6;
				ENABLE_PREVIEWS = YES;
				INFOPLIST_FILE = "Meowtastic/Supporting Files/Info.plist";
				INFOPLIST_KEY_CFBundleDisplayName = Meowtastic;
				INFOPLIST_KEY_LSApplicationCategoryType = "public.app-category.utilities";
				IPHONEOS_DEPLOYMENT_TARGET = 17.0;
				LD_RUNPATH_SEARCH_PATHS = (
					"$(inherited)",
					"@executable_path/Frameworks",
				);
				MARKETING_VERSION = 1.0.0;
				PRODUCT_BUNDLE_IDENTIFIER = c4t.dr34m.mobi.meowtastic;
				PRODUCT_NAME = "$(TARGET_NAME)";
				SUPPORTED_PLATFORMS = "iphoneos iphonesimulator";
				SUPPORTS_MACCATALYST = NO;
				SUPPORTS_MAC_DESIGNED_FOR_IPHONE_IPAD = NO;
				SUPPORTS_XR_DESIGNED_FOR_IPHONE_IPAD = NO;
				SWIFT_EMIT_LOC_STRINGS = YES;
				SWIFT_VERSION = 5.0;
				TARGETED_DEVICE_FAMILY = 1;
			};
			name = Release;
		};
/* End XCBuildConfiguration section */

/* Begin XCConfigurationList section */
		DDC2E14F26CE248E0042C5E4 /* Build configuration list for PBXProject "Meowtastic" */ = {
			isa = XCConfigurationList;
			buildConfigurations = (
				DDC2E17C26CE248F0042C5E4 /* Debug */,
				DDC2E17D26CE248F0042C5E4 /* Release */,
			);
			defaultConfigurationIsVisible = 0;
			defaultConfigurationName = Debug;
		};
		DDC2E17E26CE248F0042C5E4 /* Build configuration list for PBXNativeTarget "Meowtastic" */ = {
			isa = XCConfigurationList;
			buildConfigurations = (
				DDC2E17F26CE248F0042C5E4 /* Debug */,
				DDC2E18026CE248F0042C5E4 /* Release */,
			);
			defaultConfigurationIsVisible = 0;
			defaultConfigurationName = Debug;
		};
/* End XCConfigurationList section */

/* Begin XCLocalSwiftPackageReference section */
		25A978B82C13F8ED0003AAE7 /* XCLocalSwiftPackageReference "MeshtasticProtobufs" */ = {
			isa = XCLocalSwiftPackageReference;
			relativePath = MeshtasticProtobufs;
		};
/* End XCLocalSwiftPackageReference section */

/* Begin XCRemoteSwiftPackageReference section */
		259792242C2F10B600AD1659 /* XCRemoteSwiftPackageReference "swift-protobuf" */ = {
			isa = XCRemoteSwiftPackageReference;
			repositoryURL = "https://github.com/apple/swift-protobuf.git";
			requirement = {
				kind = upToNextMajorVersion;
				minimumVersion = 1.26.0;
			};
		};
		C9697FA327933B8C00250207 /* XCRemoteSwiftPackageReference "SQLite.swift" */ = {
			isa = XCRemoteSwiftPackageReference;
			repositoryURL = "https://github.com/stephencelis/SQLite.swift.git";
			requirement = {
				kind = upToNextMajorVersion;
				minimumVersion = 0.9.2;
			};
		};
		DD0D3D202A55CEB10066DB71 /* XCRemoteSwiftPackageReference "CocoaMQTT" */ = {
			isa = XCRemoteSwiftPackageReference;
			repositoryURL = "https://github.com/emqx/CocoaMQTT";
			requirement = {
				kind = upToNextMajorVersion;
				minimumVersion = 2.0.0;
			};
		};
/* End XCRemoteSwiftPackageReference section */

/* Begin XCSwiftPackageProductDependency section */
		25A978B92C13F8ED0003AAE7 /* MeshtasticProtobufs */ = {
			isa = XCSwiftPackageProductDependency;
			productName = MeshtasticProtobufs;
		};
		C9697FA427933B8C00250207 /* SQLite */ = {
			isa = XCSwiftPackageProductDependency;
			package = C9697FA327933B8C00250207 /* XCRemoteSwiftPackageReference "SQLite.swift" */;
			productName = SQLite;
		};
		DD0D3D212A55CEB10066DB71 /* CocoaMQTT */ = {
			isa = XCSwiftPackageProductDependency;
			package = DD0D3D202A55CEB10066DB71 /* XCRemoteSwiftPackageReference "CocoaMQTT" */;
			productName = CocoaMQTT;
		};
/* End XCSwiftPackageProductDependency section */

/* Begin XCVersionGroup section */
		B266DA932C53CFD30067D317 /* Meowtastic.xcdatamodeld */ = {
			isa = XCVersionGroup;
			children = (
				B266DA942C53CFD30067D317 /* MeshtasticDataModelV13.xcdatamodel */,
				B266DA952C53CFD30067D317 /* MeshtasticDataModelV 24.xcdatamodel */,
				B266DA962C53CFD30067D317 /* MeshtasticDataModelV 38.xcdatamodel */,
				B266DA972C53CFD30067D317 /* MeshtasticDataModelV21.xcdatamodel */,
				B266DA982C53CFD30067D317 /* MeshtasticDataModelV2.xcdatamodel */,
				B266DA992C53CFD30067D317 /* MeshtasticDataModelV 31.xcdatamodel */,
				B266DA9A2C53CFD30067D317 /* MeshtasticDataModelV 28.xcdatamodel */,
				B266DA9B2C53CFD30067D317 /* MeshtasticDataModelV7.xcdatamodel */,
				B266DA9C2C53CFD30067D317 /* MeshtasticDataModelV 34.xcdatamodel */,
				B266DA9D2C53CFD30067D317 /* MeshtasticDataModelV16.xcdatamodel */,
				B266DA9E2C53CFD30067D317 /* MeshtasticDataModel.xcdatamodel */,
				B266DA9F2C53CFD30067D317 /* MeshtasticDataModelV15.xcdatamodel */,
				B266DAA02C53CFD30067D317 /* MeshtasticDataModelV 37.xcdatamodel */,
				B266DAA12C53CFD30067D317 /* MeshtasticDataModelV32.xcdatamodel */,
				B266DAA22C53CFD30067D317 /* MeshtasticDataModelV4.xcdatamodel */,
				B266DAA32C53CFD30067D317 /* MeshtasticDataModelV19.xcdatamodel */,
				B266DAA42C53CFD30067D317 /* MeshtasticDataModelV22.xcdatamodel */,
				B266DAA52C53CFD30067D317 /* MeshtasticDataModelV10.xcdatamodel */,
				B266DAA62C53CFD30067D317 /* MeshtasticDataModelV 27.xcdatamodel */,
				B266DAA72C53CFD30067D317 /* MeshtasticDataModelV8.xcdatamodel */,
				B266DAA82C53CFD30067D317 /* MeshtasticDataModelV17.xcdatamodel */,
				B266DAA92C53CFD30067D317 /* MeshtasticDataModelV 35.xcdatamodel */,
				B266DAAA2C53CFD30067D317 /* MeshtasticDataModelV 29.xcdatamodel */,
				B266DAAB2C53CFD30067D317 /* MeshtasticDataModelV6.xcdatamodel */,
				B266DAAC2C53CFD30067D317 /* MeshtasticDataModelV 30.xcdatamodel */,
				B266DAAD2C53CFD30067D317 /* MeshtasticDataModelV 40.xcdatamodel */,
				B266DAAE2C53CFD30067D317 /* MeshtasticDataModelV3.xcdatamodel */,
				B266DAAF2C53CFD30067D317 /* MeshtasticDataModelV 39.xcdatamodel */,
				B266DAB02C53CFD30067D317 /* MeshtasticDataModelV20.xcdatamodel */,
				B266DAB12C53CFD30067D317 /* MeshtasticDataModelV 25.xcdatamodel */,
				B266DAB22C53CFD30067D317 /* MeshtasticDataModelV12.xcdatamodel */,
				B266DAB32C53CFD30067D317 /* MeshtasticDataModelV 26.xcdatamodel */,
				B266DAB42C53CFD30067D317 /* MeshtasticDataModelV11.xcdatamodel */,
				B266DAB52C53CFD30067D317 /* MeshtasticDataModelV9.xcdatamodel */,
				B266DAB62C53CFD30067D317 /* MeshtasticDataModelV18.xcdatamodel */,
				B266DAB72C53CFD30067D317 /* MeshtasticDataModelV5.xcdatamodel */,
				B266DAB82C53CFD30067D317 /* MeshtasticDataModelV33.xcdatamodel */,
				B266DAB92C53CFD30067D317 /* MeshtasticDataModelV 36.xcdatamodel */,
				B266DABA2C53CFD30067D317 /* MeshtasticDataModelV14.xcdatamodel */,
				B266DABB2C53CFD30067D317 /* MeshtasticDataModelV 23.xcdatamodel */,
			);
			currentVersion = B266DAAD2C53CFD30067D317 /* MeshtasticDataModelV 40.xcdatamodel */;
			path = Meowtastic.xcdatamodeld;
			sourceTree = "<group>";
			versionGroupType = wrapper.xcdatamodel;
		};
/* End XCVersionGroup section */
	};
	rootObject = DDC2E14C26CE248E0042C5E4 /* Project object */;
}
